// !$*UTF8*$!
{
	archiveVersion = 1;
	classes = {
	};
	objectVersion = 46;
	objects = {

/* Begin PBXBuildFile section */
		5D1BE386171CF6C7002C0057 /* UIKit.framework in Frameworks */ = {isa = PBXBuildFile; fileRef = 5D1BE385171CF6C7002C0057 /* UIKit.framework */; };
		5D1BE388171CF6C7002C0057 /* Foundation.framework in Frameworks */ = {isa = PBXBuildFile; fileRef = 5D1BE387171CF6C7002C0057 /* Foundation.framework */; };
		5D1BE38A171CF6C7002C0057 /* CoreGraphics.framework in Frameworks */ = {isa = PBXBuildFile; fileRef = 5D1BE389171CF6C7002C0057 /* CoreGraphics.framework */; };
		5D1BE390171CF6C7002C0057 /* InfoPlist.strings in Resources */ = {isa = PBXBuildFile; fileRef = 5D1BE38E171CF6C7002C0057 /* InfoPlist.strings */; };
		5D1BE392171CF6C7002C0057 /* main.m in Sources */ = {isa = PBXBuildFile; fileRef = 5D1BE391171CF6C7002C0057 /* main.m */; };
		5D1BE396171CF6C7002C0057 /* AppDelegate.m in Sources */ = {isa = PBXBuildFile; fileRef = 5D1BE395171CF6C7002C0057 /* AppDelegate.m */; };
		5D1BE398171CF6C7002C0057 /* Default.png in Resources */ = {isa = PBXBuildFile; fileRef = 5D1BE397171CF6C7002C0057 /* Default.png */; };
		5D1BE39A171CF6C7002C0057 /* Default@2x.png in Resources */ = {isa = PBXBuildFile; fileRef = 5D1BE399171CF6C7002C0057 /* Default@2x.png */; };
		5D1BE39C171CF6C7002C0057 /* Default-568h@2x.png in Resources */ = {isa = PBXBuildFile; fileRef = 5D1BE39B171CF6C7002C0057 /* Default-568h@2x.png */; };
		5D1BE3A4171CF6C7002C0057 /* SenTestingKit.framework in Frameworks */ = {isa = PBXBuildFile; fileRef = 5D1BE3A3171CF6C7002C0057 /* SenTestingKit.framework */; };
		5D1BE3A5171CF6C7002C0057 /* UIKit.framework in Frameworks */ = {isa = PBXBuildFile; fileRef = 5D1BE385171CF6C7002C0057 /* UIKit.framework */; };
		5D1BE3A6171CF6C7002C0057 /* Foundation.framework in Frameworks */ = {isa = PBXBuildFile; fileRef = 5D1BE387171CF6C7002C0057 /* Foundation.framework */; };
		5D1BE3AE171CF6C7002C0057 /* InfoPlist.strings in Resources */ = {isa = PBXBuildFile; fileRef = 5D1BE3AC171CF6C7002C0057 /* InfoPlist.strings */; };
		5D1BE3B1171CF6C7002C0057 /* Bee_FoundationTests.m in Sources */ = {isa = PBXBuildFile; fileRef = 5D1BE3B0171CF6C7002C0057 /* Bee_FoundationTests.m */; };
		5D1BE423171CF7E7002C0057 /* Bee_Foundation.mm in Sources */ = {isa = PBXBuildFile; fileRef = 5D1BE3E6171CF7E7002C0057 /* Bee_Foundation.mm */; };
		5D1BE424171CF7E7002C0057 /* Bee_Foundation.mm in Sources */ = {isa = PBXBuildFile; fileRef = 5D1BE3E6171CF7E7002C0057 /* Bee_Foundation.mm */; };
		5D1BE425171CF7E7002C0057 /* Bee_Log.mm in Sources */ = {isa = PBXBuildFile; fileRef = 5D1BE3E8171CF7E7002C0057 /* Bee_Log.mm */; };
		5D1BE426171CF7E7002C0057 /* Bee_Log.mm in Sources */ = {isa = PBXBuildFile; fileRef = 5D1BE3E8171CF7E7002C0057 /* Bee_Log.mm */; };
		5D1BE427171CF7E7002C0057 /* Bee_Performance.mm in Sources */ = {isa = PBXBuildFile; fileRef = 5D1BE3EA171CF7E7002C0057 /* Bee_Performance.mm */; };
		5D1BE428171CF7E7002C0057 /* Bee_Performance.mm in Sources */ = {isa = PBXBuildFile; fileRef = 5D1BE3EA171CF7E7002C0057 /* Bee_Performance.mm */; };
		5D1BE429171CF7E7002C0057 /* Bee_Runtime.mm in Sources */ = {isa = PBXBuildFile; fileRef = 5D1BE3EC171CF7E7002C0057 /* Bee_Runtime.mm */; };
		5D1BE42A171CF7E7002C0057 /* Bee_Runtime.mm in Sources */ = {isa = PBXBuildFile; fileRef = 5D1BE3EC171CF7E7002C0057 /* Bee_Runtime.mm */; };
		5D1BE42B171CF7E7002C0057 /* Bee_Sandbox.mm in Sources */ = {isa = PBXBuildFile; fileRef = 5D1BE3EE171CF7E7002C0057 /* Bee_Sandbox.mm */; };
		5D1BE42C171CF7E7002C0057 /* Bee_Sandbox.mm in Sources */ = {isa = PBXBuildFile; fileRef = 5D1BE3EE171CF7E7002C0057 /* Bee_Sandbox.mm */; };
		5D1BE42D171CF7E7002C0057 /* Bee_Singleton.mm in Sources */ = {isa = PBXBuildFile; fileRef = 5D1BE3F0171CF7E7002C0057 /* Bee_Singleton.mm */; };
		5D1BE42E171CF7E7002C0057 /* Bee_Singleton.mm in Sources */ = {isa = PBXBuildFile; fileRef = 5D1BE3F0171CF7E7002C0057 /* Bee_Singleton.mm */; };
		5D1BE42F171CF7E7002C0057 /* Bee_SystemInfo.m in Sources */ = {isa = PBXBuildFile; fileRef = 5D1BE3F2171CF7E7002C0057 /* Bee_SystemInfo.m */; };
		5D1BE430171CF7E7002C0057 /* Bee_SystemInfo.m in Sources */ = {isa = PBXBuildFile; fileRef = 5D1BE3F2171CF7E7002C0057 /* Bee_SystemInfo.m */; };
		5D1BE431171CF7E7002C0057 /* Bee_Thread.mm in Sources */ = {isa = PBXBuildFile; fileRef = 5D1BE3F4171CF7E7002C0057 /* Bee_Thread.mm */; };
		5D1BE432171CF7E7002C0057 /* Bee_Thread.mm in Sources */ = {isa = PBXBuildFile; fileRef = 5D1BE3F4171CF7E7002C0057 /* Bee_Thread.mm */; };
		5D1BE433171CF7E7002C0057 /* NSArray+BeeExtension.m in Sources */ = {isa = PBXBuildFile; fileRef = 5D1BE3F7171CF7E7002C0057 /* NSArray+BeeExtension.m */; };
		5D1BE434171CF7E7002C0057 /* NSArray+BeeExtension.m in Sources */ = {isa = PBXBuildFile; fileRef = 5D1BE3F7171CF7E7002C0057 /* NSArray+BeeExtension.m */; };
		5D1BE435171CF7E7002C0057 /* NSData+BeeExtension.m in Sources */ = {isa = PBXBuildFile; fileRef = 5D1BE3F9171CF7E7002C0057 /* NSData+BeeExtension.m */; };
		5D1BE436171CF7E7002C0057 /* NSData+BeeExtension.m in Sources */ = {isa = PBXBuildFile; fileRef = 5D1BE3F9171CF7E7002C0057 /* NSData+BeeExtension.m */; };
		5D1BE437171CF7E7002C0057 /* NSDate+BeeExtension.m in Sources */ = {isa = PBXBuildFile; fileRef = 5D1BE3FB171CF7E7002C0057 /* NSDate+BeeExtension.m */; };
		5D1BE438171CF7E7002C0057 /* NSDate+BeeExtension.m in Sources */ = {isa = PBXBuildFile; fileRef = 5D1BE3FB171CF7E7002C0057 /* NSDate+BeeExtension.m */; };
		5D1BE439171CF7E7002C0057 /* NSDictionary+BeeExtension.m in Sources */ = {isa = PBXBuildFile; fileRef = 5D1BE3FD171CF7E7002C0057 /* NSDictionary+BeeExtension.m */; };
		5D1BE43A171CF7E7002C0057 /* NSDictionary+BeeExtension.m in Sources */ = {isa = PBXBuildFile; fileRef = 5D1BE3FD171CF7E7002C0057 /* NSDictionary+BeeExtension.m */; };
		5D1BE43B171CF7E7002C0057 /* NSNumber+BeeExtension.m in Sources */ = {isa = PBXBuildFile; fileRef = 5D1BE3FF171CF7E7002C0057 /* NSNumber+BeeExtension.m */; };
		5D1BE43C171CF7E7002C0057 /* NSNumber+BeeExtension.m in Sources */ = {isa = PBXBuildFile; fileRef = 5D1BE3FF171CF7E7002C0057 /* NSNumber+BeeExtension.m */; };
		5D1BE43D171CF7E7002C0057 /* NSObject+BeeJSON.m in Sources */ = {isa = PBXBuildFile; fileRef = 5D1BE401171CF7E7002C0057 /* NSObject+BeeJSON.m */; };
		5D1BE43E171CF7E7002C0057 /* NSObject+BeeJSON.m in Sources */ = {isa = PBXBuildFile; fileRef = 5D1BE401171CF7E7002C0057 /* NSObject+BeeJSON.m */; };
		5D1BE43F171CF7E7002C0057 /* NSObject+BeeNotification.m in Sources */ = {isa = PBXBuildFile; fileRef = 5D1BE403171CF7E7002C0057 /* NSObject+BeeNotification.m */; };
		5D1BE440171CF7E7002C0057 /* NSObject+BeeNotification.m in Sources */ = {isa = PBXBuildFile; fileRef = 5D1BE403171CF7E7002C0057 /* NSObject+BeeNotification.m */; };
		5D1BE441171CF7E7002C0057 /* NSObject+BeeProperty.m in Sources */ = {isa = PBXBuildFile; fileRef = 5D1BE405171CF7E7002C0057 /* NSObject+BeeProperty.m */; };
		5D1BE442171CF7E7002C0057 /* NSObject+BeeProperty.m in Sources */ = {isa = PBXBuildFile; fileRef = 5D1BE405171CF7E7002C0057 /* NSObject+BeeProperty.m */; };
		5D1BE443171CF7E7002C0057 /* NSObject+BeeTicker.m in Sources */ = {isa = PBXBuildFile; fileRef = 5D1BE407171CF7E7002C0057 /* NSObject+BeeTicker.m */; };
		5D1BE444171CF7E7002C0057 /* NSObject+BeeTicker.m in Sources */ = {isa = PBXBuildFile; fileRef = 5D1BE407171CF7E7002C0057 /* NSObject+BeeTicker.m */; };
		5D1BE445171CF7E7002C0057 /* NSObject+BeeTypeConversion.m in Sources */ = {isa = PBXBuildFile; fileRef = 5D1BE409171CF7E7002C0057 /* NSObject+BeeTypeConversion.m */; };
		5D1BE446171CF7E7002C0057 /* NSObject+BeeTypeConversion.m in Sources */ = {isa = PBXBuildFile; fileRef = 5D1BE409171CF7E7002C0057 /* NSObject+BeeTypeConversion.m */; };
		5D1BE447171CF7E7002C0057 /* NSString+BeeExtension.m in Sources */ = {isa = PBXBuildFile; fileRef = 5D1BE40B171CF7E7002C0057 /* NSString+BeeExtension.m */; };
		5D1BE448171CF7E7002C0057 /* NSString+BeeExtension.m in Sources */ = {isa = PBXBuildFile; fileRef = 5D1BE40B171CF7E7002C0057 /* NSString+BeeExtension.m */; };
		5D1BE449171CF7E7002C0057 /* gospel_ios.db in Resources */ = {isa = PBXBuildFile; fileRef = 5D1BE41B171CF7E7002C0057 /* gospel_ios.db */; };
		5D1BE44A171CF7E7002C0057 /* gospel_ios.db in Resources */ = {isa = PBXBuildFile; fileRef = 5D1BE41B171CF7E7002C0057 /* gospel_ios.db */; };
		5D1BE44B171CF7E7002C0057 /* README.md in Resources */ = {isa = PBXBuildFile; fileRef = 5D1BE41D171CF7E7002C0057 /* README.md */; };
		5D1BE44C171CF7E7002C0057 /* README.md in Resources */ = {isa = PBXBuildFile; fileRef = 5D1BE41D171CF7E7002C0057 /* README.md */; };
		5D1BE493171CF9CB002C0057 /* ASIAuthenticationDialog.m in Sources */ = {isa = PBXBuildFile; fileRef = 5D1BE450171CF9CB002C0057 /* ASIAuthenticationDialog.m */; };
		5D1BE494171CF9CB002C0057 /* ASIAuthenticationDialog.m in Sources */ = {isa = PBXBuildFile; fileRef = 5D1BE450171CF9CB002C0057 /* ASIAuthenticationDialog.m */; };
		5D1BE495171CF9CB002C0057 /* ASIDataCompressor.m in Sources */ = {isa = PBXBuildFile; fileRef = 5D1BE453171CF9CB002C0057 /* ASIDataCompressor.m */; };
		5D1BE496171CF9CB002C0057 /* ASIDataCompressor.m in Sources */ = {isa = PBXBuildFile; fileRef = 5D1BE453171CF9CB002C0057 /* ASIDataCompressor.m */; };
		5D1BE497171CF9CB002C0057 /* ASIDataDecompressor.m in Sources */ = {isa = PBXBuildFile; fileRef = 5D1BE455171CF9CB002C0057 /* ASIDataDecompressor.m */; };
		5D1BE498171CF9CB002C0057 /* ASIDataDecompressor.m in Sources */ = {isa = PBXBuildFile; fileRef = 5D1BE455171CF9CB002C0057 /* ASIDataDecompressor.m */; };
		5D1BE499171CF9CB002C0057 /* ASIDownloadCache.m in Sources */ = {isa = PBXBuildFile; fileRef = 5D1BE457171CF9CB002C0057 /* ASIDownloadCache.m */; };
		5D1BE49A171CF9CB002C0057 /* ASIDownloadCache.m in Sources */ = {isa = PBXBuildFile; fileRef = 5D1BE457171CF9CB002C0057 /* ASIDownloadCache.m */; };
		5D1BE49B171CF9CB002C0057 /* ASIFormDataRequest.m in Sources */ = {isa = PBXBuildFile; fileRef = 5D1BE459171CF9CB002C0057 /* ASIFormDataRequest.m */; };
		5D1BE49C171CF9CB002C0057 /* ASIFormDataRequest.m in Sources */ = {isa = PBXBuildFile; fileRef = 5D1BE459171CF9CB002C0057 /* ASIFormDataRequest.m */; };
		5D1BE49D171CF9CB002C0057 /* ASIHTTPRequest.m in Sources */ = {isa = PBXBuildFile; fileRef = 5D1BE45B171CF9CB002C0057 /* ASIHTTPRequest.m */; };
		5D1BE49E171CF9CB002C0057 /* ASIHTTPRequest.m in Sources */ = {isa = PBXBuildFile; fileRef = 5D1BE45B171CF9CB002C0057 /* ASIHTTPRequest.m */; };
		5D1BE49F171CF9CB002C0057 /* ASIInputStream.m in Sources */ = {isa = PBXBuildFile; fileRef = 5D1BE45F171CF9CB002C0057 /* ASIInputStream.m */; };
		5D1BE4A0171CF9CB002C0057 /* ASIInputStream.m in Sources */ = {isa = PBXBuildFile; fileRef = 5D1BE45F171CF9CB002C0057 /* ASIInputStream.m */; };
		5D1BE4A1171CF9CB002C0057 /* ASINetworkQueue.m in Sources */ = {isa = PBXBuildFile; fileRef = 5D1BE461171CF9CB002C0057 /* ASINetworkQueue.m */; };
		5D1BE4A2171CF9CB002C0057 /* ASINetworkQueue.m in Sources */ = {isa = PBXBuildFile; fileRef = 5D1BE461171CF9CB002C0057 /* ASINetworkQueue.m */; };
		5D1BE4A3171CF9CB002C0057 /* FMDatabase.m in Sources */ = {isa = PBXBuildFile; fileRef = 5D1BE465171CF9CB002C0057 /* FMDatabase.m */; };
		5D1BE4A4171CF9CB002C0057 /* FMDatabase.m in Sources */ = {isa = PBXBuildFile; fileRef = 5D1BE465171CF9CB002C0057 /* FMDatabase.m */; };
		5D1BE4A5171CF9CB002C0057 /* FMDatabaseAdditions.m in Sources */ = {isa = PBXBuildFile; fileRef = 5D1BE467171CF9CB002C0057 /* FMDatabaseAdditions.m */; };
		5D1BE4A6171CF9CB002C0057 /* FMDatabaseAdditions.m in Sources */ = {isa = PBXBuildFile; fileRef = 5D1BE467171CF9CB002C0057 /* FMDatabaseAdditions.m */; };
		5D1BE4A7171CF9CB002C0057 /* FMDatabasePool.m in Sources */ = {isa = PBXBuildFile; fileRef = 5D1BE469171CF9CB002C0057 /* FMDatabasePool.m */; };
		5D1BE4A8171CF9CB002C0057 /* FMDatabasePool.m in Sources */ = {isa = PBXBuildFile; fileRef = 5D1BE469171CF9CB002C0057 /* FMDatabasePool.m */; };
		5D1BE4A9171CF9CB002C0057 /* FMDatabaseQueue.m in Sources */ = {isa = PBXBuildFile; fileRef = 5D1BE46B171CF9CB002C0057 /* FMDatabaseQueue.m */; };
		5D1BE4AA171CF9CB002C0057 /* FMDatabaseQueue.m in Sources */ = {isa = PBXBuildFile; fileRef = 5D1BE46B171CF9CB002C0057 /* FMDatabaseQueue.m */; };
		5D1BE4AB171CF9CB002C0057 /* FMResultSet.m in Sources */ = {isa = PBXBuildFile; fileRef = 5D1BE46D171CF9CB002C0057 /* FMResultSet.m */; };
		5D1BE4AC171CF9CB002C0057 /* FMResultSet.m in Sources */ = {isa = PBXBuildFile; fileRef = 5D1BE46D171CF9CB002C0057 /* FMResultSet.m */; };
		5D1BE4AD171CF9CB002C0057 /* JSONKit.m in Sources */ = {isa = PBXBuildFile; fileRef = 5D1BE470171CF9CB002C0057 /* JSONKit.m */; };
		5D1BE4AE171CF9CB002C0057 /* JSONKit.m in Sources */ = {isa = PBXBuildFile; fileRef = 5D1BE470171CF9CB002C0057 /* JSONKit.m */; };
		5D1BE4AF171CF9CB002C0057 /* Reachability.m in Sources */ = {isa = PBXBuildFile; fileRef = 5D1BE473171CF9CB002C0057 /* Reachability.m */; };
		5D1BE4B0171CF9CB002C0057 /* Reachability.m in Sources */ = {isa = PBXBuildFile; fileRef = 5D1BE473171CF9CB002C0057 /* Reachability.m */; };
		5D1BE4B1171CF9CB002C0057 /* README.md in Resources */ = {isa = PBXBuildFile; fileRef = 5D1BE474171CF9CB002C0057 /* README.md */; };
		5D1BE4B2171CF9CB002C0057 /* README.md in Resources */ = {isa = PBXBuildFile; fileRef = 5D1BE474171CF9CB002C0057 /* README.md */; };
		5D1BE4B3171CF9CB002C0057 /* CXMLDocument_CreationExtensions.m in Sources */ = {isa = PBXBuildFile; fileRef = 5D1BE478171CF9CB002C0057 /* CXMLDocument_CreationExtensions.m */; };
		5D1BE4B4171CF9CB002C0057 /* CXMLDocument_CreationExtensions.m in Sources */ = {isa = PBXBuildFile; fileRef = 5D1BE478171CF9CB002C0057 /* CXMLDocument_CreationExtensions.m */; };
		5D1BE4B5171CF9CB002C0057 /* CXMLNode_CreationExtensions.m in Sources */ = {isa = PBXBuildFile; fileRef = 5D1BE47A171CF9CB002C0057 /* CXMLNode_CreationExtensions.m */; };
		5D1BE4B6171CF9CB002C0057 /* CXMLNode_CreationExtensions.m in Sources */ = {isa = PBXBuildFile; fileRef = 5D1BE47A171CF9CB002C0057 /* CXMLNode_CreationExtensions.m */; };
		5D1BE4B7171CF9CB002C0057 /* CXHTMLDocument.m in Sources */ = {isa = PBXBuildFile; fileRef = 5D1BE47C171CF9CB002C0057 /* CXHTMLDocument.m */; };
		5D1BE4B8171CF9CB002C0057 /* CXHTMLDocument.m in Sources */ = {isa = PBXBuildFile; fileRef = 5D1BE47C171CF9CB002C0057 /* CXHTMLDocument.m */; };
		5D1BE4B9171CF9CB002C0057 /* CXMLDocument.m in Sources */ = {isa = PBXBuildFile; fileRef = 5D1BE47E171CF9CB002C0057 /* CXMLDocument.m */; };
		5D1BE4BA171CF9CB002C0057 /* CXMLDocument.m in Sources */ = {isa = PBXBuildFile; fileRef = 5D1BE47E171CF9CB002C0057 /* CXMLDocument.m */; };
		5D1BE4BB171CF9CB002C0057 /* CXMLDocument_PrivateExtensions.m in Sources */ = {isa = PBXBuildFile; fileRef = 5D1BE480171CF9CB002C0057 /* CXMLDocument_PrivateExtensions.m */; };
		5D1BE4BC171CF9CB002C0057 /* CXMLDocument_PrivateExtensions.m in Sources */ = {isa = PBXBuildFile; fileRef = 5D1BE480171CF9CB002C0057 /* CXMLDocument_PrivateExtensions.m */; };
		5D1BE4BD171CF9CB002C0057 /* CXMLElement.m in Sources */ = {isa = PBXBuildFile; fileRef = 5D1BE482171CF9CB002C0057 /* CXMLElement.m */; };
		5D1BE4BE171CF9CB002C0057 /* CXMLElement.m in Sources */ = {isa = PBXBuildFile; fileRef = 5D1BE482171CF9CB002C0057 /* CXMLElement.m */; };
		5D1BE4BF171CF9CB002C0057 /* CXMLElement_CreationExtensions.m in Sources */ = {isa = PBXBuildFile; fileRef = 5D1BE484171CF9CB002C0057 /* CXMLElement_CreationExtensions.m */; };
		5D1BE4C0171CF9CB002C0057 /* CXMLElement_CreationExtensions.m in Sources */ = {isa = PBXBuildFile; fileRef = 5D1BE484171CF9CB002C0057 /* CXMLElement_CreationExtensions.m */; };
		5D1BE4C1171CF9CB002C0057 /* CXMLElement_ElementTreeExtensions.m in Sources */ = {isa = PBXBuildFile; fileRef = 5D1BE486171CF9CB002C0057 /* CXMLElement_ElementTreeExtensions.m */; };
		5D1BE4C2171CF9CB002C0057 /* CXMLElement_ElementTreeExtensions.m in Sources */ = {isa = PBXBuildFile; fileRef = 5D1BE486171CF9CB002C0057 /* CXMLElement_ElementTreeExtensions.m */; };
		5D1BE4C3171CF9CB002C0057 /* CXMLNamespaceNode.m in Sources */ = {isa = PBXBuildFile; fileRef = 5D1BE488171CF9CB002C0057 /* CXMLNamespaceNode.m */; };
		5D1BE4C4171CF9CB002C0057 /* CXMLNamespaceNode.m in Sources */ = {isa = PBXBuildFile; fileRef = 5D1BE488171CF9CB002C0057 /* CXMLNamespaceNode.m */; };
		5D1BE4C5171CF9CB002C0057 /* CXMLNode.m in Sources */ = {isa = PBXBuildFile; fileRef = 5D1BE48A171CF9CB002C0057 /* CXMLNode.m */; };
		5D1BE4C6171CF9CB002C0057 /* CXMLNode.m in Sources */ = {isa = PBXBuildFile; fileRef = 5D1BE48A171CF9CB002C0057 /* CXMLNode.m */; };
		5D1BE4C7171CF9CB002C0057 /* CXMLNode_PrivateExtensions.m in Sources */ = {isa = PBXBuildFile; fileRef = 5D1BE48C171CF9CB002C0057 /* CXMLNode_PrivateExtensions.m */; };
		5D1BE4C8171CF9CB002C0057 /* CXMLNode_PrivateExtensions.m in Sources */ = {isa = PBXBuildFile; fileRef = 5D1BE48C171CF9CB002C0057 /* CXMLNode_PrivateExtensions.m */; };
		5D1BE4C9171CF9CB002C0057 /* CXMLNode_XPathExtensions.m in Sources */ = {isa = PBXBuildFile; fileRef = 5D1BE48E171CF9CB002C0057 /* CXMLNode_XPathExtensions.m */; };
		5D1BE4CA171CF9CB002C0057 /* CXMLNode_XPathExtensions.m in Sources */ = {isa = PBXBuildFile; fileRef = 5D1BE48E171CF9CB002C0057 /* CXMLNode_XPathExtensions.m */; };
		5D1BE4CB171CF9CB002C0057 /* CTidy.m in Sources */ = {isa = PBXBuildFile; fileRef = 5D1BE491171CF9CB002C0057 /* CTidy.m */; };
		5D1BE4CC171CF9CB002C0057 /* CTidy.m in Sources */ = {isa = PBXBuildFile; fileRef = 5D1BE491171CF9CB002C0057 /* CTidy.m */; };
		5D1BE4CE171CFA0A002C0057 /* README.md in Resources */ = {isa = PBXBuildFile; fileRef = 5D1BE4CD171CFA0A002C0057 /* README.md */; };
		5D1BE4CF171CFA0A002C0057 /* README.md in Resources */ = {isa = PBXBuildFile; fileRef = 5D1BE4CD171CFA0A002C0057 /* README.md */; };
		5D1BE4D1171CFA8B002C0057 /* libsqlite3.dylib in Frameworks */ = {isa = PBXBuildFile; fileRef = 5D1BE4D0171CFA8B002C0057 /* libsqlite3.dylib */; };
		5D1BE4D3171CFA92002C0057 /* libz.dylib in Frameworks */ = {isa = PBXBuildFile; fileRef = 5D1BE4D2171CFA92002C0057 /* libz.dylib */; };
		5D1BE4D5171CFA9C002C0057 /* CoreMedia.framework in Frameworks */ = {isa = PBXBuildFile; fileRef = 5D1BE4D4171CFA9C002C0057 /* CoreMedia.framework */; };
		5D1BE4D7171CFAA1002C0057 /* CoreVideo.framework in Frameworks */ = {isa = PBXBuildFile; fileRef = 5D1BE4D6171CFAA1002C0057 /* CoreVideo.framework */; };
		5D1BE4D9171CFAAA002C0057 /* AVFoundation.framework in Frameworks */ = {isa = PBXBuildFile; fileRef = 5D1BE4D8171CFAAA002C0057 /* AVFoundation.framework */; };
		5D1BE4DB171CFABC002C0057 /* Security.framework in Frameworks */ = {isa = PBXBuildFile; fileRef = 5D1BE4DA171CFABC002C0057 /* Security.framework */; };
		5D1BE4DD171CFAC4002C0057 /* SystemConfiguration.framework in Frameworks */ = {isa = PBXBuildFile; fileRef = 5D1BE4DC171CFAC4002C0057 /* SystemConfiguration.framework */; };
		5D1BE4DF171CFAD2002C0057 /* CFNetwork.framework in Frameworks */ = {isa = PBXBuildFile; fileRef = 5D1BE4DE171CFAD2002C0057 /* CFNetwork.framework */; };
		5D1BE4E1171CFADB002C0057 /* QuartzCore.framework in Frameworks */ = {isa = PBXBuildFile; fileRef = 5D1BE4E0171CFADB002C0057 /* QuartzCore.framework */; };
		5D1BE4E3171CFAE7002C0057 /* MobileCoreServices.framework in Frameworks */ = {isa = PBXBuildFile; fileRef = 5D1BE4E2171CFAE7002C0057 /* MobileCoreServices.framework */; };
		5D1BE4E5171CFAF1002C0057 /* libxml2.dylib in Frameworks */ = {isa = PBXBuildFile; fileRef = 5D1BE4E4171CFAF1002C0057 /* libxml2.dylib */; };
/* End PBXBuildFile section */

/* Begin PBXContainerItemProxy section */
		5D1BE3A7171CF6C7002C0057 /* PBXContainerItemProxy */ = {
			isa = PBXContainerItemProxy;
			containerPortal = 5D1BE37A171CF6C7002C0057 /* Project object */;
			proxyType = 1;
			remoteGlobalIDString = 5D1BE381171CF6C7002C0057;
			remoteInfo = Bee_Foundation;
		};
/* End PBXContainerItemProxy section */

/* Begin PBXFileReference section */
		5D1BE382171CF6C7002C0057 /* Bee_Foundation.app */ = {isa = PBXFileReference; explicitFileType = wrapper.application; includeInIndex = 0; path = Bee_Foundation.app; sourceTree = BUILT_PRODUCTS_DIR; };
		5D1BE385171CF6C7002C0057 /* UIKit.framework */ = {isa = PBXFileReference; lastKnownFileType = wrapper.framework; name = UIKit.framework; path = System/Library/Frameworks/UIKit.framework; sourceTree = SDKROOT; };
		5D1BE387171CF6C7002C0057 /* Foundation.framework */ = {isa = PBXFileReference; lastKnownFileType = wrapper.framework; name = Foundation.framework; path = System/Library/Frameworks/Foundation.framework; sourceTree = SDKROOT; };
		5D1BE389171CF6C7002C0057 /* CoreGraphics.framework */ = {isa = PBXFileReference; lastKnownFileType = wrapper.framework; name = CoreGraphics.framework; path = System/Library/Frameworks/CoreGraphics.framework; sourceTree = SDKROOT; };
		5D1BE38D171CF6C7002C0057 /* Bee_Foundation-Info.plist */ = {isa = PBXFileReference; lastKnownFileType = text.plist.xml; path = "Bee_Foundation-Info.plist"; sourceTree = "<group>"; };
		5D1BE38F171CF6C7002C0057 /* en */ = {isa = PBXFileReference; lastKnownFileType = text.plist.strings; name = en; path = en.lproj/InfoPlist.strings; sourceTree = "<group>"; };
		5D1BE391171CF6C7002C0057 /* main.m */ = {isa = PBXFileReference; lastKnownFileType = sourcecode.c.objc; path = main.m; sourceTree = "<group>"; };
		5D1BE393171CF6C7002C0057 /* Bee_Foundation-Prefix.pch */ = {isa = PBXFileReference; lastKnownFileType = sourcecode.c.h; path = "Bee_Foundation-Prefix.pch"; sourceTree = "<group>"; };
		5D1BE394171CF6C7002C0057 /* AppDelegate.h */ = {isa = PBXFileReference; lastKnownFileType = sourcecode.c.h; path = AppDelegate.h; sourceTree = "<group>"; };
		5D1BE395171CF6C7002C0057 /* AppDelegate.m */ = {isa = PBXFileReference; lastKnownFileType = sourcecode.c.objc; path = AppDelegate.m; sourceTree = "<group>"; };
		5D1BE397171CF6C7002C0057 /* Default.png */ = {isa = PBXFileReference; lastKnownFileType = image.png; path = Default.png; sourceTree = "<group>"; };
		5D1BE399171CF6C7002C0057 /* Default@2x.png */ = {isa = PBXFileReference; lastKnownFileType = image.png; path = "Default@2x.png"; sourceTree = "<group>"; };
		5D1BE39B171CF6C7002C0057 /* Default-568h@2x.png */ = {isa = PBXFileReference; lastKnownFileType = image.png; path = "Default-568h@2x.png"; sourceTree = "<group>"; };
		5D1BE3A2171CF6C7002C0057 /* Bee_FoundationTests.octest */ = {isa = PBXFileReference; explicitFileType = wrapper.cfbundle; includeInIndex = 0; path = Bee_FoundationTests.octest; sourceTree = BUILT_PRODUCTS_DIR; };
		5D1BE3A3171CF6C7002C0057 /* SenTestingKit.framework */ = {isa = PBXFileReference; lastKnownFileType = wrapper.framework; name = SenTestingKit.framework; path = Library/Frameworks/SenTestingKit.framework; sourceTree = DEVELOPER_DIR; };
		5D1BE3AB171CF6C7002C0057 /* Bee_FoundationTests-Info.plist */ = {isa = PBXFileReference; lastKnownFileType = text.plist.xml; path = "Bee_FoundationTests-Info.plist"; sourceTree = "<group>"; };
		5D1BE3AD171CF6C7002C0057 /* en */ = {isa = PBXFileReference; lastKnownFileType = text.plist.strings; name = en; path = en.lproj/InfoPlist.strings; sourceTree = "<group>"; };
		5D1BE3AF171CF6C7002C0057 /* Bee_FoundationTests.h */ = {isa = PBXFileReference; lastKnownFileType = sourcecode.c.h; path = Bee_FoundationTests.h; sourceTree = "<group>"; };
		5D1BE3B0171CF6C7002C0057 /* Bee_FoundationTests.m */ = {isa = PBXFileReference; lastKnownFileType = sourcecode.c.objc; path = Bee_FoundationTests.m; sourceTree = "<group>"; };
		5D1BE3E1171CF7E7002C0057 /* Bee.h */ = {isa = PBXFileReference; fileEncoding = 4; lastKnownFileType = sourcecode.c.h; path = Bee.h; sourceTree = "<group>"; };
		5D1BE3E2171CF7E7002C0057 /* Bee_Core.h */ = {isa = PBXFileReference; fileEncoding = 4; lastKnownFileType = sourcecode.c.h; path = Bee_Core.h; sourceTree = "<group>"; };
		5D1BE3E3171CF7E7002C0057 /* Bee_Precompile.h */ = {isa = PBXFileReference; fileEncoding = 4; lastKnownFileType = sourcecode.c.h; path = Bee_Precompile.h; sourceTree = "<group>"; };
		5D1BE3E5171CF7E7002C0057 /* Bee_Foundation.h */ = {isa = PBXFileReference; fileEncoding = 4; lastKnownFileType = sourcecode.c.h; path = Bee_Foundation.h; sourceTree = "<group>"; };
		5D1BE3E6171CF7E7002C0057 /* Bee_Foundation.mm */ = {isa = PBXFileReference; fileEncoding = 4; lastKnownFileType = sourcecode.cpp.objcpp; path = Bee_Foundation.mm; sourceTree = "<group>"; };
		5D1BE3E7171CF7E7002C0057 /* Bee_Log.h */ = {isa = PBXFileReference; fileEncoding = 4; lastKnownFileType = sourcecode.c.h; path = Bee_Log.h; sourceTree = "<group>"; };
		5D1BE3E8171CF7E7002C0057 /* Bee_Log.mm */ = {isa = PBXFileReference; fileEncoding = 4; lastKnownFileType = sourcecode.cpp.objcpp; path = Bee_Log.mm; sourceTree = "<group>"; };
		5D1BE3E9171CF7E7002C0057 /* Bee_Performance.h */ = {isa = PBXFileReference; fileEncoding = 4; lastKnownFileType = sourcecode.c.h; path = Bee_Performance.h; sourceTree = "<group>"; };
		5D1BE3EA171CF7E7002C0057 /* Bee_Performance.mm */ = {isa = PBXFileReference; fileEncoding = 4; lastKnownFileType = sourcecode.cpp.objcpp; path = Bee_Performance.mm; sourceTree = "<group>"; };
		5D1BE3EB171CF7E7002C0057 /* Bee_Runtime.h */ = {isa = PBXFileReference; fileEncoding = 4; lastKnownFileType = sourcecode.c.h; path = Bee_Runtime.h; sourceTree = "<group>"; };
		5D1BE3EC171CF7E7002C0057 /* Bee_Runtime.mm */ = {isa = PBXFileReference; fileEncoding = 4; lastKnownFileType = sourcecode.cpp.objcpp; path = Bee_Runtime.mm; sourceTree = "<group>"; };
		5D1BE3ED171CF7E7002C0057 /* Bee_Sandbox.h */ = {isa = PBXFileReference; fileEncoding = 4; lastKnownFileType = sourcecode.c.h; path = Bee_Sandbox.h; sourceTree = "<group>"; };
		5D1BE3EE171CF7E7002C0057 /* Bee_Sandbox.mm */ = {isa = PBXFileReference; fileEncoding = 4; lastKnownFileType = sourcecode.cpp.objcpp; path = Bee_Sandbox.mm; sourceTree = "<group>"; };
		5D1BE3EF171CF7E7002C0057 /* Bee_Singleton.h */ = {isa = PBXFileReference; fileEncoding = 4; lastKnownFileType = sourcecode.c.h; path = Bee_Singleton.h; sourceTree = "<group>"; };
		5D1BE3F0171CF7E7002C0057 /* Bee_Singleton.mm */ = {isa = PBXFileReference; fileEncoding = 4; lastKnownFileType = sourcecode.cpp.objcpp; path = Bee_Singleton.mm; sourceTree = "<group>"; };
		5D1BE3F1171CF7E7002C0057 /* Bee_SystemInfo.h */ = {isa = PBXFileReference; fileEncoding = 4; lastKnownFileType = sourcecode.c.h; path = Bee_SystemInfo.h; sourceTree = "<group>"; };
		5D1BE3F2171CF7E7002C0057 /* Bee_SystemInfo.m */ = {isa = PBXFileReference; fileEncoding = 4; lastKnownFileType = sourcecode.c.objc; path = Bee_SystemInfo.m; sourceTree = "<group>"; };
		5D1BE3F3171CF7E7002C0057 /* Bee_Thread.h */ = {isa = PBXFileReference; fileEncoding = 4; lastKnownFileType = sourcecode.c.h; path = Bee_Thread.h; sourceTree = "<group>"; };
		5D1BE3F4171CF7E7002C0057 /* Bee_Thread.mm */ = {isa = PBXFileReference; fileEncoding = 4; lastKnownFileType = sourcecode.cpp.objcpp; path = Bee_Thread.mm; sourceTree = "<group>"; };
		5D1BE3F6171CF7E7002C0057 /* NSArray+BeeExtension.h */ = {isa = PBXFileReference; fileEncoding = 4; lastKnownFileType = sourcecode.c.h; path = "NSArray+BeeExtension.h"; sourceTree = "<group>"; };
		5D1BE3F7171CF7E7002C0057 /* NSArray+BeeExtension.m */ = {isa = PBXFileReference; fileEncoding = 4; lastKnownFileType = sourcecode.c.objc; path = "NSArray+BeeExtension.m"; sourceTree = "<group>"; };
		5D1BE3F8171CF7E7002C0057 /* NSData+BeeExtension.h */ = {isa = PBXFileReference; fileEncoding = 4; lastKnownFileType = sourcecode.c.h; path = "NSData+BeeExtension.h"; sourceTree = "<group>"; };
		5D1BE3F9171CF7E7002C0057 /* NSData+BeeExtension.m */ = {isa = PBXFileReference; fileEncoding = 4; lastKnownFileType = sourcecode.c.objc; path = "NSData+BeeExtension.m"; sourceTree = "<group>"; };
		5D1BE3FA171CF7E7002C0057 /* NSDate+BeeExtension.h */ = {isa = PBXFileReference; fileEncoding = 4; lastKnownFileType = sourcecode.c.h; path = "NSDate+BeeExtension.h"; sourceTree = "<group>"; };
		5D1BE3FB171CF7E7002C0057 /* NSDate+BeeExtension.m */ = {isa = PBXFileReference; fileEncoding = 4; lastKnownFileType = sourcecode.c.objc; path = "NSDate+BeeExtension.m"; sourceTree = "<group>"; };
		5D1BE3FC171CF7E7002C0057 /* NSDictionary+BeeExtension.h */ = {isa = PBXFileReference; fileEncoding = 4; lastKnownFileType = sourcecode.c.h; path = "NSDictionary+BeeExtension.h"; sourceTree = "<group>"; };
		5D1BE3FD171CF7E7002C0057 /* NSDictionary+BeeExtension.m */ = {isa = PBXFileReference; fileEncoding = 4; lastKnownFileType = sourcecode.c.objc; path = "NSDictionary+BeeExtension.m"; sourceTree = "<group>"; };
		5D1BE3FE171CF7E7002C0057 /* NSNumber+BeeExtension.h */ = {isa = PBXFileReference; fileEncoding = 4; lastKnownFileType = sourcecode.c.h; path = "NSNumber+BeeExtension.h"; sourceTree = "<group>"; };
		5D1BE3FF171CF7E7002C0057 /* NSNumber+BeeExtension.m */ = {isa = PBXFileReference; fileEncoding = 4; lastKnownFileType = sourcecode.c.objc; path = "NSNumber+BeeExtension.m"; sourceTree = "<group>"; };
		5D1BE400171CF7E7002C0057 /* NSObject+BeeJSON.h */ = {isa = PBXFileReference; fileEncoding = 4; lastKnownFileType = sourcecode.c.h; path = "NSObject+BeeJSON.h"; sourceTree = "<group>"; };
		5D1BE401171CF7E7002C0057 /* NSObject+BeeJSON.m */ = {isa = PBXFileReference; fileEncoding = 4; lastKnownFileType = sourcecode.c.objc; path = "NSObject+BeeJSON.m"; sourceTree = "<group>"; };
		5D1BE402171CF7E7002C0057 /* NSObject+BeeNotification.h */ = {isa = PBXFileReference; fileEncoding = 4; lastKnownFileType = sourcecode.c.h; path = "NSObject+BeeNotification.h"; sourceTree = "<group>"; };
		5D1BE403171CF7E7002C0057 /* NSObject+BeeNotification.m */ = {isa = PBXFileReference; fileEncoding = 4; lastKnownFileType = sourcecode.c.objc; path = "NSObject+BeeNotification.m"; sourceTree = "<group>"; };
		5D1BE404171CF7E7002C0057 /* NSObject+BeeProperty.h */ = {isa = PBXFileReference; fileEncoding = 4; lastKnownFileType = sourcecode.c.h; path = "NSObject+BeeProperty.h"; sourceTree = "<group>"; };
		5D1BE405171CF7E7002C0057 /* NSObject+BeeProperty.m */ = {isa = PBXFileReference; fileEncoding = 4; lastKnownFileType = sourcecode.c.objc; path = "NSObject+BeeProperty.m"; sourceTree = "<group>"; };
		5D1BE406171CF7E7002C0057 /* NSObject+BeeTicker.h */ = {isa = PBXFileReference; fileEncoding = 4; lastKnownFileType = sourcecode.c.h; path = "NSObject+BeeTicker.h"; sourceTree = "<group>"; };
		5D1BE407171CF7E7002C0057 /* NSObject+BeeTicker.m */ = {isa = PBXFileReference; fileEncoding = 4; lastKnownFileType = sourcecode.c.objc; path = "NSObject+BeeTicker.m"; sourceTree = "<group>"; };
		5D1BE408171CF7E7002C0057 /* NSObject+BeeTypeConversion.h */ = {isa = PBXFileReference; fileEncoding = 4; lastKnownFileType = sourcecode.c.h; path = "NSObject+BeeTypeConversion.h"; sourceTree = "<group>"; };
		5D1BE409171CF7E7002C0057 /* NSObject+BeeTypeConversion.m */ = {isa = PBXFileReference; fileEncoding = 4; lastKnownFileType = sourcecode.c.objc; path = "NSObject+BeeTypeConversion.m"; sourceTree = "<group>"; };
		5D1BE40A171CF7E7002C0057 /* NSString+BeeExtension.h */ = {isa = PBXFileReference; fileEncoding = 4; lastKnownFileType = sourcecode.c.h; path = "NSString+BeeExtension.h"; sourceTree = "<group>"; };
		5D1BE40B171CF7E7002C0057 /* NSString+BeeExtension.m */ = {isa = PBXFileReference; fileEncoding = 4; lastKnownFileType = sourcecode.c.objc; path = "NSString+BeeExtension.m"; sourceTree = "<group>"; };
		5D1BE41B171CF7E7002C0057 /* gospel_ios.db */ = {isa = PBXFileReference; fileEncoding = 4; lastKnownFileType = text; path = gospel_ios.db; sourceTree = "<group>"; };
		5D1BE41D171CF7E7002C0057 /* README.md */ = {isa = PBXFileReference; fileEncoding = 4; lastKnownFileType = text; path = README.md; sourceTree = "<group>"; };
		5D1BE44F171CF9CB002C0057 /* ASIAuthenticationDialog.h */ = {isa = PBXFileReference; fileEncoding = 4; lastKnownFileType = sourcecode.c.h; path = ASIAuthenticationDialog.h; sourceTree = "<group>"; };
		5D1BE450171CF9CB002C0057 /* ASIAuthenticationDialog.m */ = {isa = PBXFileReference; fileEncoding = 4; lastKnownFileType = sourcecode.c.objc; path = ASIAuthenticationDialog.m; sourceTree = "<group>"; };
		5D1BE451171CF9CB002C0057 /* ASICacheDelegate.h */ = {isa = PBXFileReference; fileEncoding = 4; lastKnownFileType = sourcecode.c.h; path = ASICacheDelegate.h; sourceTree = "<group>"; };
		5D1BE452171CF9CB002C0057 /* ASIDataCompressor.h */ = {isa = PBXFileReference; fileEncoding = 4; lastKnownFileType = sourcecode.c.h; path = ASIDataCompressor.h; sourceTree = "<group>"; };
		5D1BE453171CF9CB002C0057 /* ASIDataCompressor.m */ = {isa = PBXFileReference; fileEncoding = 4; lastKnownFileType = sourcecode.c.objc; path = ASIDataCompressor.m; sourceTree = "<group>"; };
		5D1BE454171CF9CB002C0057 /* ASIDataDecompressor.h */ = {isa = PBXFileReference; fileEncoding = 4; lastKnownFileType = sourcecode.c.h; path = ASIDataDecompressor.h; sourceTree = "<group>"; };
		5D1BE455171CF9CB002C0057 /* ASIDataDecompressor.m */ = {isa = PBXFileReference; fileEncoding = 4; lastKnownFileType = sourcecode.c.objc; path = ASIDataDecompressor.m; sourceTree = "<group>"; };
		5D1BE456171CF9CB002C0057 /* ASIDownloadCache.h */ = {isa = PBXFileReference; fileEncoding = 4; lastKnownFileType = sourcecode.c.h; path = ASIDownloadCache.h; sourceTree = "<group>"; };
		5D1BE457171CF9CB002C0057 /* ASIDownloadCache.m */ = {isa = PBXFileReference; fileEncoding = 4; lastKnownFileType = sourcecode.c.objc; path = ASIDownloadCache.m; sourceTree = "<group>"; };
		5D1BE458171CF9CB002C0057 /* ASIFormDataRequest.h */ = {isa = PBXFileReference; fileEncoding = 4; lastKnownFileType = sourcecode.c.h; path = ASIFormDataRequest.h; sourceTree = "<group>"; };
		5D1BE459171CF9CB002C0057 /* ASIFormDataRequest.m */ = {isa = PBXFileReference; fileEncoding = 4; lastKnownFileType = sourcecode.c.objc; path = ASIFormDataRequest.m; sourceTree = "<group>"; };
		5D1BE45A171CF9CB002C0057 /* ASIHTTPRequest.h */ = {isa = PBXFileReference; fileEncoding = 4; lastKnownFileType = sourcecode.c.h; path = ASIHTTPRequest.h; sourceTree = "<group>"; };
		5D1BE45B171CF9CB002C0057 /* ASIHTTPRequest.m */ = {isa = PBXFileReference; fileEncoding = 4; lastKnownFileType = sourcecode.c.objc; path = ASIHTTPRequest.m; sourceTree = "<group>"; };
		5D1BE45C171CF9CB002C0057 /* ASIHTTPRequestConfig.h */ = {isa = PBXFileReference; fileEncoding = 4; lastKnownFileType = sourcecode.c.h; path = ASIHTTPRequestConfig.h; sourceTree = "<group>"; };
		5D1BE45D171CF9CB002C0057 /* ASIHTTPRequestDelegate.h */ = {isa = PBXFileReference; fileEncoding = 4; lastKnownFileType = sourcecode.c.h; path = ASIHTTPRequestDelegate.h; sourceTree = "<group>"; };
		5D1BE45E171CF9CB002C0057 /* ASIInputStream.h */ = {isa = PBXFileReference; fileEncoding = 4; lastKnownFileType = sourcecode.c.h; path = ASIInputStream.h; sourceTree = "<group>"; };
		5D1BE45F171CF9CB002C0057 /* ASIInputStream.m */ = {isa = PBXFileReference; fileEncoding = 4; lastKnownFileType = sourcecode.c.objc; path = ASIInputStream.m; sourceTree = "<group>"; };
		5D1BE460171CF9CB002C0057 /* ASINetworkQueue.h */ = {isa = PBXFileReference; fileEncoding = 4; lastKnownFileType = sourcecode.c.h; path = ASINetworkQueue.h; sourceTree = "<group>"; };
		5D1BE461171CF9CB002C0057 /* ASINetworkQueue.m */ = {isa = PBXFileReference; fileEncoding = 4; lastKnownFileType = sourcecode.c.objc; path = ASINetworkQueue.m; sourceTree = "<group>"; };
		5D1BE462171CF9CB002C0057 /* ASIProgressDelegate.h */ = {isa = PBXFileReference; fileEncoding = 4; lastKnownFileType = sourcecode.c.h; path = ASIProgressDelegate.h; sourceTree = "<group>"; };
		5D1BE464171CF9CB002C0057 /* FMDatabase.h */ = {isa = PBXFileReference; fileEncoding = 4; lastKnownFileType = sourcecode.c.h; path = FMDatabase.h; sourceTree = "<group>"; };
		5D1BE465171CF9CB002C0057 /* FMDatabase.m */ = {isa = PBXFileReference; fileEncoding = 4; lastKnownFileType = sourcecode.c.objc; path = FMDatabase.m; sourceTree = "<group>"; };
		5D1BE466171CF9CB002C0057 /* FMDatabaseAdditions.h */ = {isa = PBXFileReference; fileEncoding = 4; lastKnownFileType = sourcecode.c.h; path = FMDatabaseAdditions.h; sourceTree = "<group>"; };
		5D1BE467171CF9CB002C0057 /* FMDatabaseAdditions.m */ = {isa = PBXFileReference; fileEncoding = 4; lastKnownFileType = sourcecode.c.objc; path = FMDatabaseAdditions.m; sourceTree = "<group>"; };
		5D1BE468171CF9CB002C0057 /* FMDatabasePool.h */ = {isa = PBXFileReference; fileEncoding = 4; lastKnownFileType = sourcecode.c.h; path = FMDatabasePool.h; sourceTree = "<group>"; };
		5D1BE469171CF9CB002C0057 /* FMDatabasePool.m */ = {isa = PBXFileReference; fileEncoding = 4; lastKnownFileType = sourcecode.c.objc; path = FMDatabasePool.m; sourceTree = "<group>"; };
		5D1BE46A171CF9CB002C0057 /* FMDatabaseQueue.h */ = {isa = PBXFileReference; fileEncoding = 4; lastKnownFileType = sourcecode.c.h; path = FMDatabaseQueue.h; sourceTree = "<group>"; };
		5D1BE46B171CF9CB002C0057 /* FMDatabaseQueue.m */ = {isa = PBXFileReference; fileEncoding = 4; lastKnownFileType = sourcecode.c.objc; path = FMDatabaseQueue.m; sourceTree = "<group>"; };
		5D1BE46C171CF9CB002C0057 /* FMResultSet.h */ = {isa = PBXFileReference; fileEncoding = 4; lastKnownFileType = sourcecode.c.h; path = FMResultSet.h; sourceTree = "<group>"; };
		5D1BE46D171CF9CB002C0057 /* FMResultSet.m */ = {isa = PBXFileReference; fileEncoding = 4; lastKnownFileType = sourcecode.c.objc; path = FMResultSet.m; sourceTree = "<group>"; };
		5D1BE46F171CF9CB002C0057 /* JSONKit.h */ = {isa = PBXFileReference; fileEncoding = 4; lastKnownFileType = sourcecode.c.h; path = JSONKit.h; sourceTree = "<group>"; };
		5D1BE470171CF9CB002C0057 /* JSONKit.m */ = {isa = PBXFileReference; fileEncoding = 4; lastKnownFileType = sourcecode.c.objc; path = JSONKit.m; sourceTree = "<group>"; };
		5D1BE472171CF9CB002C0057 /* Reachability.h */ = {isa = PBXFileReference; fileEncoding = 4; lastKnownFileType = sourcecode.c.h; path = Reachability.h; sourceTree = "<group>"; };
		5D1BE473171CF9CB002C0057 /* Reachability.m */ = {isa = PBXFileReference; fileEncoding = 4; lastKnownFileType = sourcecode.c.objc; path = Reachability.m; sourceTree = "<group>"; };
		5D1BE474171CF9CB002C0057 /* README.md */ = {isa = PBXFileReference; fileEncoding = 4; lastKnownFileType = text; path = README.md; sourceTree = "<group>"; };
		5D1BE477171CF9CB002C0057 /* CXMLDocument_CreationExtensions.h */ = {isa = PBXFileReference; fileEncoding = 4; lastKnownFileType = sourcecode.c.h; path = CXMLDocument_CreationExtensions.h; sourceTree = "<group>"; };
		5D1BE478171CF9CB002C0057 /* CXMLDocument_CreationExtensions.m */ = {isa = PBXFileReference; fileEncoding = 4; lastKnownFileType = sourcecode.c.objc; path = CXMLDocument_CreationExtensions.m; sourceTree = "<group>"; };
		5D1BE479171CF9CB002C0057 /* CXMLNode_CreationExtensions.h */ = {isa = PBXFileReference; fileEncoding = 4; lastKnownFileType = sourcecode.c.h; path = CXMLNode_CreationExtensions.h; sourceTree = "<group>"; };
		5D1BE47A171CF9CB002C0057 /* CXMLNode_CreationExtensions.m */ = {isa = PBXFileReference; fileEncoding = 4; lastKnownFileType = sourcecode.c.objc; path = CXMLNode_CreationExtensions.m; sourceTree = "<group>"; };
		5D1BE47B171CF9CB002C0057 /* CXHTMLDocument.h */ = {isa = PBXFileReference; fileEncoding = 4; lastKnownFileType = sourcecode.c.h; path = CXHTMLDocument.h; sourceTree = "<group>"; };
		5D1BE47C171CF9CB002C0057 /* CXHTMLDocument.m */ = {isa = PBXFileReference; fileEncoding = 4; lastKnownFileType = sourcecode.c.objc; path = CXHTMLDocument.m; sourceTree = "<group>"; };
		5D1BE47D171CF9CB002C0057 /* CXMLDocument.h */ = {isa = PBXFileReference; fileEncoding = 4; lastKnownFileType = sourcecode.c.h; path = CXMLDocument.h; sourceTree = "<group>"; };
		5D1BE47E171CF9CB002C0057 /* CXMLDocument.m */ = {isa = PBXFileReference; fileEncoding = 4; lastKnownFileType = sourcecode.c.objc; path = CXMLDocument.m; sourceTree = "<group>"; };
		5D1BE47F171CF9CB002C0057 /* CXMLDocument_PrivateExtensions.h */ = {isa = PBXFileReference; fileEncoding = 4; lastKnownFileType = sourcecode.c.h; path = CXMLDocument_PrivateExtensions.h; sourceTree = "<group>"; };
		5D1BE480171CF9CB002C0057 /* CXMLDocument_PrivateExtensions.m */ = {isa = PBXFileReference; fileEncoding = 4; lastKnownFileType = sourcecode.c.objc; path = CXMLDocument_PrivateExtensions.m; sourceTree = "<group>"; };
		5D1BE481171CF9CB002C0057 /* CXMLElement.h */ = {isa = PBXFileReference; fileEncoding = 4; lastKnownFileType = sourcecode.c.h; path = CXMLElement.h; sourceTree = "<group>"; };
		5D1BE482171CF9CB002C0057 /* CXMLElement.m */ = {isa = PBXFileReference; fileEncoding = 4; lastKnownFileType = sourcecode.c.objc; path = CXMLElement.m; sourceTree = "<group>"; };
		5D1BE483171CF9CB002C0057 /* CXMLElement_CreationExtensions.h */ = {isa = PBXFileReference; fileEncoding = 4; lastKnownFileType = sourcecode.c.h; path = CXMLElement_CreationExtensions.h; sourceTree = "<group>"; };
		5D1BE484171CF9CB002C0057 /* CXMLElement_CreationExtensions.m */ = {isa = PBXFileReference; fileEncoding = 4; lastKnownFileType = sourcecode.c.objc; path = CXMLElement_CreationExtensions.m; sourceTree = "<group>"; };
		5D1BE485171CF9CB002C0057 /* CXMLElement_ElementTreeExtensions.h */ = {isa = PBXFileReference; fileEncoding = 4; lastKnownFileType = sourcecode.c.h; path = CXMLElement_ElementTreeExtensions.h; sourceTree = "<group>"; };
		5D1BE486171CF9CB002C0057 /* CXMLElement_ElementTreeExtensions.m */ = {isa = PBXFileReference; fileEncoding = 4; lastKnownFileType = sourcecode.c.objc; path = CXMLElement_ElementTreeExtensions.m; sourceTree = "<group>"; };
		5D1BE487171CF9CB002C0057 /* CXMLNamespaceNode.h */ = {isa = PBXFileReference; fileEncoding = 4; lastKnownFileType = sourcecode.c.h; path = CXMLNamespaceNode.h; sourceTree = "<group>"; };
		5D1BE488171CF9CB002C0057 /* CXMLNamespaceNode.m */ = {isa = PBXFileReference; fileEncoding = 4; lastKnownFileType = sourcecode.c.objc; path = CXMLNamespaceNode.m; sourceTree = "<group>"; };
		5D1BE489171CF9CB002C0057 /* CXMLNode.h */ = {isa = PBXFileReference; fileEncoding = 4; lastKnownFileType = sourcecode.c.h; path = CXMLNode.h; sourceTree = "<group>"; };
		5D1BE48A171CF9CB002C0057 /* CXMLNode.m */ = {isa = PBXFileReference; fileEncoding = 4; lastKnownFileType = sourcecode.c.objc; path = CXMLNode.m; sourceTree = "<group>"; };
		5D1BE48B171CF9CB002C0057 /* CXMLNode_PrivateExtensions.h */ = {isa = PBXFileReference; fileEncoding = 4; lastKnownFileType = sourcecode.c.h; path = CXMLNode_PrivateExtensions.h; sourceTree = "<group>"; };
		5D1BE48C171CF9CB002C0057 /* CXMLNode_PrivateExtensions.m */ = {isa = PBXFileReference; fileEncoding = 4; lastKnownFileType = sourcecode.c.objc; path = CXMLNode_PrivateExtensions.m; sourceTree = "<group>"; };
		5D1BE48D171CF9CB002C0057 /* CXMLNode_XPathExtensions.h */ = {isa = PBXFileReference; fileEncoding = 4; lastKnownFileType = sourcecode.c.h; path = CXMLNode_XPathExtensions.h; sourceTree = "<group>"; };
		5D1BE48E171CF9CB002C0057 /* CXMLNode_XPathExtensions.m */ = {isa = PBXFileReference; fileEncoding = 4; lastKnownFileType = sourcecode.c.objc; path = CXMLNode_XPathExtensions.m; sourceTree = "<group>"; };
		5D1BE490171CF9CB002C0057 /* CTidy.h */ = {isa = PBXFileReference; fileEncoding = 4; lastKnownFileType = sourcecode.c.h; path = CTidy.h; sourceTree = "<group>"; };
		5D1BE491171CF9CB002C0057 /* CTidy.m */ = {isa = PBXFileReference; fileEncoding = 4; lastKnownFileType = sourcecode.c.objc; path = CTidy.m; sourceTree = "<group>"; };
		5D1BE492171CF9CB002C0057 /* TouchXML.h */ = {isa = PBXFileReference; fileEncoding = 4; lastKnownFileType = sourcecode.c.h; path = TouchXML.h; sourceTree = "<group>"; };
		5D1BE4CD171CFA0A002C0057 /* README.md */ = {isa = PBXFileReference; fileEncoding = 4; lastKnownFileType = text; path = README.md; sourceTree = "<group>"; };
		5D1BE4D0171CFA8B002C0057 /* libsqlite3.dylib */ = {isa = PBXFileReference; lastKnownFileType = "compiled.mach-o.dylib"; name = libsqlite3.dylib; path = usr/lib/libsqlite3.dylib; sourceTree = SDKROOT; };
		5D1BE4D2171CFA92002C0057 /* libz.dylib */ = {isa = PBXFileReference; lastKnownFileType = "compiled.mach-o.dylib"; name = libz.dylib; path = usr/lib/libz.dylib; sourceTree = SDKROOT; };
		5D1BE4D4171CFA9C002C0057 /* CoreMedia.framework */ = {isa = PBXFileReference; lastKnownFileType = wrapper.framework; name = CoreMedia.framework; path = System/Library/Frameworks/CoreMedia.framework; sourceTree = SDKROOT; };
		5D1BE4D6171CFAA1002C0057 /* CoreVideo.framework */ = {isa = PBXFileReference; lastKnownFileType = wrapper.framework; name = CoreVideo.framework; path = System/Library/Frameworks/CoreVideo.framework; sourceTree = SDKROOT; };
		5D1BE4D8171CFAAA002C0057 /* AVFoundation.framework */ = {isa = PBXFileReference; lastKnownFileType = wrapper.framework; name = AVFoundation.framework; path = System/Library/Frameworks/AVFoundation.framework; sourceTree = SDKROOT; };
		5D1BE4DA171CFABC002C0057 /* Security.framework */ = {isa = PBXFileReference; lastKnownFileType = wrapper.framework; name = Security.framework; path = System/Library/Frameworks/Security.framework; sourceTree = SDKROOT; };
		5D1BE4DC171CFAC4002C0057 /* SystemConfiguration.framework */ = {isa = PBXFileReference; lastKnownFileType = wrapper.framework; name = SystemConfiguration.framework; path = System/Library/Frameworks/SystemConfiguration.framework; sourceTree = SDKROOT; };
		5D1BE4DE171CFAD2002C0057 /* CFNetwork.framework */ = {isa = PBXFileReference; lastKnownFileType = wrapper.framework; name = CFNetwork.framework; path = System/Library/Frameworks/CFNetwork.framework; sourceTree = SDKROOT; };
		5D1BE4E0171CFADB002C0057 /* QuartzCore.framework */ = {isa = PBXFileReference; lastKnownFileType = wrapper.framework; name = QuartzCore.framework; path = System/Library/Frameworks/QuartzCore.framework; sourceTree = SDKROOT; };
		5D1BE4E2171CFAE7002C0057 /* MobileCoreServices.framework */ = {isa = PBXFileReference; lastKnownFileType = wrapper.framework; name = MobileCoreServices.framework; path = System/Library/Frameworks/MobileCoreServices.framework; sourceTree = SDKROOT; };
		5D1BE4E4171CFAF1002C0057 /* libxml2.dylib */ = {isa = PBXFileReference; lastKnownFileType = "compiled.mach-o.dylib"; name = libxml2.dylib; path = usr/lib/libxml2.dylib; sourceTree = SDKROOT; };
/* End PBXFileReference section */

/* Begin PBXFrameworksBuildPhase section */
		5D1BE37F171CF6C7002C0057 /* Frameworks */ = {
			isa = PBXFrameworksBuildPhase;
			buildActionMask = 2147483647;
			files = (
				5D1BE4E5171CFAF1002C0057 /* libxml2.dylib in Frameworks */,
				5D1BE4E3171CFAE7002C0057 /* MobileCoreServices.framework in Frameworks */,
				5D1BE4E1171CFADB002C0057 /* QuartzCore.framework in Frameworks */,
				5D1BE4DF171CFAD2002C0057 /* CFNetwork.framework in Frameworks */,
				5D1BE4DD171CFAC4002C0057 /* SystemConfiguration.framework in Frameworks */,
				5D1BE4DB171CFABC002C0057 /* Security.framework in Frameworks */,
				5D1BE4D9171CFAAA002C0057 /* AVFoundation.framework in Frameworks */,
				5D1BE4D7171CFAA1002C0057 /* CoreVideo.framework in Frameworks */,
				5D1BE4D5171CFA9C002C0057 /* CoreMedia.framework in Frameworks */,
				5D1BE4D3171CFA92002C0057 /* libz.dylib in Frameworks */,
				5D1BE4D1171CFA8B002C0057 /* libsqlite3.dylib in Frameworks */,
				5D1BE386171CF6C7002C0057 /* UIKit.framework in Frameworks */,
				5D1BE388171CF6C7002C0057 /* Foundation.framework in Frameworks */,
				5D1BE38A171CF6C7002C0057 /* CoreGraphics.framework in Frameworks */,
			);
			runOnlyForDeploymentPostprocessing = 0;
		};
		5D1BE39E171CF6C7002C0057 /* Frameworks */ = {
			isa = PBXFrameworksBuildPhase;
			buildActionMask = 2147483647;
			files = (
				5D1BE3A4171CF6C7002C0057 /* SenTestingKit.framework in Frameworks */,
				5D1BE3A5171CF6C7002C0057 /* UIKit.framework in Frameworks */,
				5D1BE3A6171CF6C7002C0057 /* Foundation.framework in Frameworks */,
			);
			runOnlyForDeploymentPostprocessing = 0;
		};
/* End PBXFrameworksBuildPhase section */

/* Begin PBXGroup section */
		5D1BE379171CF6C7002C0057 = {
			isa = PBXGroup;
			children = (
				5D1BE4E4171CFAF1002C0057 /* libxml2.dylib */,
				5D1BE4E2171CFAE7002C0057 /* MobileCoreServices.framework */,
				5D1BE4E0171CFADB002C0057 /* QuartzCore.framework */,
				5D1BE4DE171CFAD2002C0057 /* CFNetwork.framework */,
				5D1BE4DC171CFAC4002C0057 /* SystemConfiguration.framework */,
				5D1BE4DA171CFABC002C0057 /* Security.framework */,
				5D1BE4D8171CFAAA002C0057 /* AVFoundation.framework */,
				5D1BE4D6171CFAA1002C0057 /* CoreVideo.framework */,
				5D1BE4D4171CFA9C002C0057 /* CoreMedia.framework */,
				5D1BE4D2171CFA92002C0057 /* libz.dylib */,
				5D1BE4D0171CFA8B002C0057 /* libsqlite3.dylib */,
				5D1BE4CD171CFA0A002C0057 /* README.md */,
				5D1BE3DF171CF7E7002C0057 /* lib */,
				5D1BE40C171CF7E7002C0057 /* src */,
				5D1BE422171CF7E7002C0057 /* vendor */,
				5D1BE38B171CF6C7002C0057 /* Bee_Foundation */,
				5D1BE3A9171CF6C7002C0057 /* Bee_FoundationTests */,
				5D1BE384171CF6C7002C0057 /* Frameworks */,
				5D1BE383171CF6C7002C0057 /* Products */,
			);
			sourceTree = "<group>";
		};
		5D1BE383171CF6C7002C0057 /* Products */ = {
			isa = PBXGroup;
			children = (
				5D1BE382171CF6C7002C0057 /* Bee_Foundation.app */,
				5D1BE3A2171CF6C7002C0057 /* Bee_FoundationTests.octest */,
			);
			name = Products;
			sourceTree = "<group>";
		};
		5D1BE384171CF6C7002C0057 /* Frameworks */ = {
			isa = PBXGroup;
			children = (
				5D1BE385171CF6C7002C0057 /* UIKit.framework */,
				5D1BE387171CF6C7002C0057 /* Foundation.framework */,
				5D1BE389171CF6C7002C0057 /* CoreGraphics.framework */,
				5D1BE3A3171CF6C7002C0057 /* SenTestingKit.framework */,
			);
			name = Frameworks;
			sourceTree = "<group>";
		};
		5D1BE38B171CF6C7002C0057 /* Bee_Foundation */ = {
			isa = PBXGroup;
			children = (
				5D1BE394171CF6C7002C0057 /* AppDelegate.h */,
				5D1BE395171CF6C7002C0057 /* AppDelegate.m */,
				5D1BE38C171CF6C7002C0057 /* Supporting Files */,
			);
			path = Bee_Foundation;
			sourceTree = "<group>";
		};
		5D1BE38C171CF6C7002C0057 /* Supporting Files */ = {
			isa = PBXGroup;
			children = (
				5D1BE38D171CF6C7002C0057 /* Bee_Foundation-Info.plist */,
				5D1BE38E171CF6C7002C0057 /* InfoPlist.strings */,
				5D1BE391171CF6C7002C0057 /* main.m */,
				5D1BE393171CF6C7002C0057 /* Bee_Foundation-Prefix.pch */,
				5D1BE397171CF6C7002C0057 /* Default.png */,
				5D1BE399171CF6C7002C0057 /* Default@2x.png */,
				5D1BE39B171CF6C7002C0057 /* Default-568h@2x.png */,
			);
			name = "Supporting Files";
			sourceTree = "<group>";
		};
		5D1BE3A9171CF6C7002C0057 /* Bee_FoundationTests */ = {
			isa = PBXGroup;
			children = (
				5D1BE3AF171CF6C7002C0057 /* Bee_FoundationTests.h */,
				5D1BE3B0171CF6C7002C0057 /* Bee_FoundationTests.m */,
				5D1BE3AA171CF6C7002C0057 /* Supporting Files */,
			);
			path = Bee_FoundationTests;
			sourceTree = "<group>";
		};
		5D1BE3AA171CF6C7002C0057 /* Supporting Files */ = {
			isa = PBXGroup;
			children = (
				5D1BE3AB171CF6C7002C0057 /* Bee_FoundationTests-Info.plist */,
				5D1BE3AC171CF6C7002C0057 /* InfoPlist.strings */,
			);
			name = "Supporting Files";
			sourceTree = "<group>";
		};
		5D1BE3DF171CF7E7002C0057 /* lib */ = {
			isa = PBXGroup;
			children = (
				5D1BE3E0171CF7E7002C0057 /* Bee_Foundation */,
			);
			path = lib;
			sourceTree = "<group>";
		};
		5D1BE3E0171CF7E7002C0057 /* Bee_Foundation */ = {
			isa = PBXGroup;
			children = (
				5D1BE3E1171CF7E7002C0057 /* Bee.h */,
				5D1BE3E2171CF7E7002C0057 /* Bee_Core.h */,
				5D1BE3E3171CF7E7002C0057 /* Bee_Precompile.h */,
				5D1BE3E4171CF7E7002C0057 /* Foundation */,
			);
			path = Bee_Foundation;
			sourceTree = "<group>";
		};
		5D1BE3E4171CF7E7002C0057 /* Foundation */ = {
			isa = PBXGroup;
			children = (
				5D1BE3E5171CF7E7002C0057 /* Bee_Foundation.h */,
				5D1BE3E6171CF7E7002C0057 /* Bee_Foundation.mm */,
				5D1BE3E7171CF7E7002C0057 /* Bee_Log.h */,
				5D1BE3E8171CF7E7002C0057 /* Bee_Log.mm */,
				5D1BE3E9171CF7E7002C0057 /* Bee_Performance.h */,
				5D1BE3EA171CF7E7002C0057 /* Bee_Performance.mm */,
				5D1BE3EB171CF7E7002C0057 /* Bee_Runtime.h */,
				5D1BE3EC171CF7E7002C0057 /* Bee_Runtime.mm */,
				5D1BE3ED171CF7E7002C0057 /* Bee_Sandbox.h */,
				5D1BE3EE171CF7E7002C0057 /* Bee_Sandbox.mm */,
				5D1BE3EF171CF7E7002C0057 /* Bee_Singleton.h */,
				5D1BE3F0171CF7E7002C0057 /* Bee_Singleton.mm */,
				5D1BE3F1171CF7E7002C0057 /* Bee_SystemInfo.h */,
				5D1BE3F2171CF7E7002C0057 /* Bee_SystemInfo.m */,
				5D1BE3F3171CF7E7002C0057 /* Bee_Thread.h */,
				5D1BE3F4171CF7E7002C0057 /* Bee_Thread.mm */,
				5D1BE3F5171CF7E7002C0057 /* Extension */,
			);
			path = Foundation;
			sourceTree = "<group>";
		};
		5D1BE3F5171CF7E7002C0057 /* Extension */ = {
			isa = PBXGroup;
			children = (
				5D1BE3F6171CF7E7002C0057 /* NSArray+BeeExtension.h */,
				5D1BE3F7171CF7E7002C0057 /* NSArray+BeeExtension.m */,
				5D1BE3F8171CF7E7002C0057 /* NSData+BeeExtension.h */,
				5D1BE3F9171CF7E7002C0057 /* NSData+BeeExtension.m */,
				5D1BE3FA171CF7E7002C0057 /* NSDate+BeeExtension.h */,
				5D1BE3FB171CF7E7002C0057 /* NSDate+BeeExtension.m */,
				5D1BE3FC171CF7E7002C0057 /* NSDictionary+BeeExtension.h */,
				5D1BE3FD171CF7E7002C0057 /* NSDictionary+BeeExtension.m */,
				5D1BE3FE171CF7E7002C0057 /* NSNumber+BeeExtension.h */,
				5D1BE3FF171CF7E7002C0057 /* NSNumber+BeeExtension.m */,
				5D1BE400171CF7E7002C0057 /* NSObject+BeeJSON.h */,
				5D1BE401171CF7E7002C0057 /* NSObject+BeeJSON.m */,
				5D1BE402171CF7E7002C0057 /* NSObject+BeeNotification.h */,
				5D1BE403171CF7E7002C0057 /* NSObject+BeeNotification.m */,
				5D1BE404171CF7E7002C0057 /* NSObject+BeeProperty.h */,
				5D1BE405171CF7E7002C0057 /* NSObject+BeeProperty.m */,
				5D1BE406171CF7E7002C0057 /* NSObject+BeeTicker.h */,
				5D1BE407171CF7E7002C0057 /* NSObject+BeeTicker.m */,
				5D1BE408171CF7E7002C0057 /* NSObject+BeeTypeConversion.h */,
				5D1BE409171CF7E7002C0057 /* NSObject+BeeTypeConversion.m */,
				5D1BE40A171CF7E7002C0057 /* NSString+BeeExtension.h */,
				5D1BE40B171CF7E7002C0057 /* NSString+BeeExtension.m */,
			);
			path = Extension;
			sourceTree = "<group>";
		};
		5D1BE40C171CF7E7002C0057 /* src */ = {
			isa = PBXGroup;
			children = (
				5D1BE40D171CF7E7002C0057 /* app */,
				5D1BE416171CF7E7002C0057 /* config */,
				5D1BE41A171CF7E7002C0057 /* db */,
				5D1BE41C171CF7E7002C0057 /* doc */,
				5D1BE41E171CF7E7002C0057 /* log */,
				5D1BE41F171CF7E7002C0057 /* script */,
				5D1BE420171CF7E7002C0057 /* server */,
				5D1BE421171CF7E7002C0057 /* test */,
			);
			path = src;
			sourceTree = "<group>";
		};
		5D1BE40D171CF7E7002C0057 /* app */ = {
			isa = PBXGroup;
			children = (
				5D1BE40E171CF7E7002C0057 /* apis */,
				5D1BE40F171CF7E7002C0057 /* assets */,
				5D1BE412171CF7E7002C0057 /* controllers */,
				5D1BE413171CF7E7002C0057 /* helpers */,
				5D1BE414171CF7E7002C0057 /* models */,
				5D1BE415171CF7E7002C0057 /* views */,
			);
			path = app;
			sourceTree = "<group>";
		};
		5D1BE40E171CF7E7002C0057 /* apis */ = {
			isa = PBXGroup;
			children = (
			);
			path = apis;
			sourceTree = "<group>";
		};
		5D1BE40F171CF7E7002C0057 /* assets */ = {
			isa = PBXGroup;
			children = (
				5D1BE410171CF7E7002C0057 /* images */,
				5D1BE411171CF7E7002C0057 /* xibs */,
			);
			path = assets;
			sourceTree = "<group>";
		};
		5D1BE410171CF7E7002C0057 /* images */ = {
			isa = PBXGroup;
			children = (
			);
			path = images;
			sourceTree = "<group>";
		};
		5D1BE411171CF7E7002C0057 /* xibs */ = {
			isa = PBXGroup;
			children = (
			);
			path = xibs;
			sourceTree = "<group>";
		};
		5D1BE412171CF7E7002C0057 /* controllers */ = {
			isa = PBXGroup;
			children = (
			);
			path = controllers;
			sourceTree = "<group>";
		};
		5D1BE413171CF7E7002C0057 /* helpers */ = {
			isa = PBXGroup;
			children = (
			);
			path = helpers;
			sourceTree = "<group>";
		};
		5D1BE414171CF7E7002C0057 /* models */ = {
			isa = PBXGroup;
			children = (
			);
			path = models;
			sourceTree = "<group>";
		};
		5D1BE415171CF7E7002C0057 /* views */ = {
			isa = PBXGroup;
			children = (
			);
			path = views;
			sourceTree = "<group>";
		};
		5D1BE416171CF7E7002C0057 /* config */ = {
			isa = PBXGroup;
			children = (
				5D1BE417171CF7E7002C0057 /* environments */,
				5D1BE418171CF7E7002C0057 /* initializers */,
				5D1BE419171CF7E7002C0057 /* locales */,
			);
			path = config;
			sourceTree = "<group>";
		};
		5D1BE417171CF7E7002C0057 /* environments */ = {
			isa = PBXGroup;
			children = (
			);
			path = environments;
			sourceTree = "<group>";
		};
		5D1BE418171CF7E7002C0057 /* initializers */ = {
			isa = PBXGroup;
			children = (
			);
			path = initializers;
			sourceTree = "<group>";
		};
		5D1BE419171CF7E7002C0057 /* locales */ = {
			isa = PBXGroup;
			children = (
			);
			path = locales;
			sourceTree = "<group>";
		};
		5D1BE41A171CF7E7002C0057 /* db */ = {
			isa = PBXGroup;
			children = (
				5D1BE41B171CF7E7002C0057 /* gospel_ios.db */,
			);
			path = db;
			sourceTree = "<group>";
		};
		5D1BE41C171CF7E7002C0057 /* doc */ = {
			isa = PBXGroup;
			children = (
				5D1BE41D171CF7E7002C0057 /* README.md */,
			);
			path = doc;
			sourceTree = "<group>";
		};
		5D1BE41E171CF7E7002C0057 /* log */ = {
			isa = PBXGroup;
			children = (
			);
			path = log;
			sourceTree = "<group>";
		};
		5D1BE41F171CF7E7002C0057 /* script */ = {
			isa = PBXGroup;
			children = (
			);
			path = script;
			sourceTree = "<group>";
		};
		5D1BE420171CF7E7002C0057 /* server */ = {
			isa = PBXGroup;
			children = (
			);
			path = server;
			sourceTree = "<group>";
		};
		5D1BE421171CF7E7002C0057 /* test */ = {
			isa = PBXGroup;
			children = (
			);
			path = test;
			sourceTree = "<group>";
		};
		5D1BE422171CF7E7002C0057 /* vendor */ = {
			isa = PBXGroup;
			children = (
				5D1BE44D171CF9CB002C0057 /* Bee_Vendor */,
			);
			path = vendor;
			sourceTree = "<group>";
		};
		5D1BE44D171CF9CB002C0057 /* Bee_Vendor */ = {
			isa = PBXGroup;
			children = (
				5D1BE44E171CF9CB002C0057 /* ASI */,
				5D1BE463171CF9CB002C0057 /* FMDB */,
				5D1BE46E171CF9CB002C0057 /* JSONKit */,
				5D1BE471171CF9CB002C0057 /* Reachability */,
				5D1BE474171CF9CB002C0057 /* README.md */,
				5D1BE475171CF9CB002C0057 /* TouchXML */,
			);
			path = Bee_Vendor;
			sourceTree = "<group>";
		};
		5D1BE44E171CF9CB002C0057 /* ASI */ = {
			isa = PBXGroup;
			children = (
				5D1BE44F171CF9CB002C0057 /* ASIAuthenticationDialog.h */,
				5D1BE450171CF9CB002C0057 /* ASIAuthenticationDialog.m */,
				5D1BE451171CF9CB002C0057 /* ASICacheDelegate.h */,
				5D1BE452171CF9CB002C0057 /* ASIDataCompressor.h */,
				5D1BE453171CF9CB002C0057 /* ASIDataCompressor.m */,
				5D1BE454171CF9CB002C0057 /* ASIDataDecompressor.h */,
				5D1BE455171CF9CB002C0057 /* ASIDataDecompressor.m */,
				5D1BE456171CF9CB002C0057 /* ASIDownloadCache.h */,
				5D1BE457171CF9CB002C0057 /* ASIDownloadCache.m */,
				5D1BE458171CF9CB002C0057 /* ASIFormDataRequest.h */,
				5D1BE459171CF9CB002C0057 /* ASIFormDataRequest.m */,
				5D1BE45A171CF9CB002C0057 /* ASIHTTPRequest.h */,
				5D1BE45B171CF9CB002C0057 /* ASIHTTPRequest.m */,
				5D1BE45C171CF9CB002C0057 /* ASIHTTPRequestConfig.h */,
				5D1BE45D171CF9CB002C0057 /* ASIHTTPRequestDelegate.h */,
				5D1BE45E171CF9CB002C0057 /* ASIInputStream.h */,
				5D1BE45F171CF9CB002C0057 /* ASIInputStream.m */,
				5D1BE460171CF9CB002C0057 /* ASINetworkQueue.h */,
				5D1BE461171CF9CB002C0057 /* ASINetworkQueue.m */,
				5D1BE462171CF9CB002C0057 /* ASIProgressDelegate.h */,
			);
			path = ASI;
			sourceTree = "<group>";
		};
		5D1BE463171CF9CB002C0057 /* FMDB */ = {
			isa = PBXGroup;
			children = (
				5D1BE464171CF9CB002C0057 /* FMDatabase.h */,
				5D1BE465171CF9CB002C0057 /* FMDatabase.m */,
				5D1BE466171CF9CB002C0057 /* FMDatabaseAdditions.h */,
				5D1BE467171CF9CB002C0057 /* FMDatabaseAdditions.m */,
				5D1BE468171CF9CB002C0057 /* FMDatabasePool.h */,
				5D1BE469171CF9CB002C0057 /* FMDatabasePool.m */,
				5D1BE46A171CF9CB002C0057 /* FMDatabaseQueue.h */,
				5D1BE46B171CF9CB002C0057 /* FMDatabaseQueue.m */,
				5D1BE46C171CF9CB002C0057 /* FMResultSet.h */,
				5D1BE46D171CF9CB002C0057 /* FMResultSet.m */,
			);
			path = FMDB;
			sourceTree = "<group>";
		};
		5D1BE46E171CF9CB002C0057 /* JSONKit */ = {
			isa = PBXGroup;
			children = (
				5D1BE46F171CF9CB002C0057 /* JSONKit.h */,
				5D1BE470171CF9CB002C0057 /* JSONKit.m */,
			);
			path = JSONKit;
			sourceTree = "<group>";
		};
		5D1BE471171CF9CB002C0057 /* Reachability */ = {
			isa = PBXGroup;
			children = (
				5D1BE472171CF9CB002C0057 /* Reachability.h */,
				5D1BE473171CF9CB002C0057 /* Reachability.m */,
			);
			path = Reachability;
			sourceTree = "<group>";
		};
		5D1BE475171CF9CB002C0057 /* TouchXML */ = {
			isa = PBXGroup;
			children = (
				5D1BE476171CF9CB002C0057 /* Creation */,
				5D1BE47B171CF9CB002C0057 /* CXHTMLDocument.h */,
				5D1BE47C171CF9CB002C0057 /* CXHTMLDocument.m */,
				5D1BE47D171CF9CB002C0057 /* CXMLDocument.h */,
				5D1BE47E171CF9CB002C0057 /* CXMLDocument.m */,
				5D1BE47F171CF9CB002C0057 /* CXMLDocument_PrivateExtensions.h */,
				5D1BE480171CF9CB002C0057 /* CXMLDocument_PrivateExtensions.m */,
				5D1BE481171CF9CB002C0057 /* CXMLElement.h */,
				5D1BE482171CF9CB002C0057 /* CXMLElement.m */,
				5D1BE483171CF9CB002C0057 /* CXMLElement_CreationExtensions.h */,
				5D1BE484171CF9CB002C0057 /* CXMLElement_CreationExtensions.m */,
				5D1BE485171CF9CB002C0057 /* CXMLElement_ElementTreeExtensions.h */,
				5D1BE486171CF9CB002C0057 /* CXMLElement_ElementTreeExtensions.m */,
				5D1BE487171CF9CB002C0057 /* CXMLNamespaceNode.h */,
				5D1BE488171CF9CB002C0057 /* CXMLNamespaceNode.m */,
				5D1BE489171CF9CB002C0057 /* CXMLNode.h */,
				5D1BE48A171CF9CB002C0057 /* CXMLNode.m */,
				5D1BE48B171CF9CB002C0057 /* CXMLNode_PrivateExtensions.h */,
				5D1BE48C171CF9CB002C0057 /* CXMLNode_PrivateExtensions.m */,
				5D1BE48D171CF9CB002C0057 /* CXMLNode_XPathExtensions.h */,
				5D1BE48E171CF9CB002C0057 /* CXMLNode_XPathExtensions.m */,
				5D1BE48F171CF9CB002C0057 /* Tidy */,
				5D1BE492171CF9CB002C0057 /* TouchXML.h */,
			);
			path = TouchXML;
			sourceTree = "<group>";
		};
		5D1BE476171CF9CB002C0057 /* Creation */ = {
			isa = PBXGroup;
			children = (
				5D1BE477171CF9CB002C0057 /* CXMLDocument_CreationExtensions.h */,
				5D1BE478171CF9CB002C0057 /* CXMLDocument_CreationExtensions.m */,
				5D1BE479171CF9CB002C0057 /* CXMLNode_CreationExtensions.h */,
				5D1BE47A171CF9CB002C0057 /* CXMLNode_CreationExtensions.m */,
			);
			path = Creation;
			sourceTree = "<group>";
		};
		5D1BE48F171CF9CB002C0057 /* Tidy */ = {
			isa = PBXGroup;
			children = (
				5D1BE490171CF9CB002C0057 /* CTidy.h */,
				5D1BE491171CF9CB002C0057 /* CTidy.m */,
			);
			path = Tidy;
			sourceTree = "<group>";
		};
/* End PBXGroup section */

/* Begin PBXNativeTarget section */
		5D1BE381171CF6C7002C0057 /* Bee_Foundation */ = {
			isa = PBXNativeTarget;
			buildConfigurationList = 5D1BE3B4171CF6C7002C0057 /* Build configuration list for PBXNativeTarget "Bee_Foundation" */;
			buildPhases = (
				5D1BE37E171CF6C7002C0057 /* Sources */,
				5D1BE37F171CF6C7002C0057 /* Frameworks */,
				5D1BE380171CF6C7002C0057 /* Resources */,
			);
			buildRules = (
			);
			dependencies = (
			);
			name = Bee_Foundation;
			productName = Bee_Foundation;
			productReference = 5D1BE382171CF6C7002C0057 /* Bee_Foundation.app */;
			productType = "com.apple.product-type.application";
		};
		5D1BE3A1171CF6C7002C0057 /* Bee_FoundationTests */ = {
			isa = PBXNativeTarget;
			buildConfigurationList = 5D1BE3B7171CF6C7002C0057 /* Build configuration list for PBXNativeTarget "Bee_FoundationTests" */;
			buildPhases = (
				5D1BE39D171CF6C7002C0057 /* Sources */,
				5D1BE39E171CF6C7002C0057 /* Frameworks */,
				5D1BE39F171CF6C7002C0057 /* Resources */,
				5D1BE3A0171CF6C7002C0057 /* ShellScript */,
			);
			buildRules = (
			);
			dependencies = (
				5D1BE3A8171CF6C7002C0057 /* PBXTargetDependency */,
			);
			name = Bee_FoundationTests;
			productName = Bee_FoundationTests;
			productReference = 5D1BE3A2171CF6C7002C0057 /* Bee_FoundationTests.octest */;
			productType = "com.apple.product-type.bundle";
		};
/* End PBXNativeTarget section */

/* Begin PBXProject section */
		5D1BE37A171CF6C7002C0057 /* Project object */ = {
			isa = PBXProject;
			attributes = {
				LastUpgradeCheck = 0460;
				ORGANIZATIONNAME = "alfred sang";
			};
			buildConfigurationList = 5D1BE37D171CF6C7002C0057 /* Build configuration list for PBXProject "Bee_Foundation" */;
			compatibilityVersion = "Xcode 3.2";
			developmentRegion = English;
			hasScannedForEncodings = 0;
			knownRegions = (
				en,
			);
			mainGroup = 5D1BE379171CF6C7002C0057;
			productRefGroup = 5D1BE383171CF6C7002C0057 /* Products */;
			projectDirPath = "";
			projectRoot = "";
			targets = (
				5D1BE381171CF6C7002C0057 /* Bee_Foundation */,
				5D1BE3A1171CF6C7002C0057 /* Bee_FoundationTests */,
			);
		};
/* End PBXProject section */

/* Begin PBXResourcesBuildPhase section */
		5D1BE380171CF6C7002C0057 /* Resources */ = {
			isa = PBXResourcesBuildPhase;
			buildActionMask = 2147483647;
			files = (
				5D1BE390171CF6C7002C0057 /* InfoPlist.strings in Resources */,
				5D1BE398171CF6C7002C0057 /* Default.png in Resources */,
				5D1BE39A171CF6C7002C0057 /* Default@2x.png in Resources */,
				5D1BE39C171CF6C7002C0057 /* Default-568h@2x.png in Resources */,
				5D1BE449171CF7E7002C0057 /* gospel_ios.db in Resources */,
				5D1BE44B171CF7E7002C0057 /* README.md in Resources */,
				5D1BE4B1171CF9CB002C0057 /* README.md in Resources */,
				5D1BE4CE171CFA0A002C0057 /* README.md in Resources */,
			);
			runOnlyForDeploymentPostprocessing = 0;
		};
		5D1BE39F171CF6C7002C0057 /* Resources */ = {
			isa = PBXResourcesBuildPhase;
			buildActionMask = 2147483647;
			files = (
				5D1BE3AE171CF6C7002C0057 /* InfoPlist.strings in Resources */,
				5D1BE44A171CF7E7002C0057 /* gospel_ios.db in Resources */,
				5D1BE44C171CF7E7002C0057 /* README.md in Resources */,
				5D1BE4B2171CF9CB002C0057 /* README.md in Resources */,
				5D1BE4CF171CFA0A002C0057 /* README.md in Resources */,
			);
			runOnlyForDeploymentPostprocessing = 0;
		};
/* End PBXResourcesBuildPhase section */

/* Begin PBXShellScriptBuildPhase section */
		5D1BE3A0171CF6C7002C0057 /* ShellScript */ = {
			isa = PBXShellScriptBuildPhase;
			buildActionMask = 2147483647;
			files = (
			);
			inputPaths = (
			);
			outputPaths = (
			);
			runOnlyForDeploymentPostprocessing = 0;
			shellPath = /bin/sh;
			shellScript = "# Run the unit tests in this test bundle.\n\"${SYSTEM_DEVELOPER_DIR}/Tools/RunUnitTests\"\n";
		};
/* End PBXShellScriptBuildPhase section */

/* Begin PBXSourcesBuildPhase section */
		5D1BE37E171CF6C7002C0057 /* Sources */ = {
			isa = PBXSourcesBuildPhase;
			buildActionMask = 2147483647;
			files = (
				5D1BE392171CF6C7002C0057 /* main.m in Sources */,
				5D1BE396171CF6C7002C0057 /* AppDelegate.m in Sources */,
				5D1BE423171CF7E7002C0057 /* Bee_Foundation.mm in Sources */,
				5D1BE425171CF7E7002C0057 /* Bee_Log.mm in Sources */,
				5D1BE427171CF7E7002C0057 /* Bee_Performance.mm in Sources */,
				5D1BE429171CF7E7002C0057 /* Bee_Runtime.mm in Sources */,
				5D1BE42B171CF7E7002C0057 /* Bee_Sandbox.mm in Sources */,
				5D1BE42D171CF7E7002C0057 /* Bee_Singleton.mm in Sources */,
				5D1BE42F171CF7E7002C0057 /* Bee_SystemInfo.m in Sources */,
				5D1BE431171CF7E7002C0057 /* Bee_Thread.mm in Sources */,
				5D1BE433171CF7E7002C0057 /* NSArray+BeeExtension.m in Sources */,
				5D1BE435171CF7E7002C0057 /* NSData+BeeExtension.m in Sources */,
				5D1BE437171CF7E7002C0057 /* NSDate+BeeExtension.m in Sources */,
				5D1BE439171CF7E7002C0057 /* NSDictionary+BeeExtension.m in Sources */,
				5D1BE43B171CF7E7002C0057 /* NSNumber+BeeExtension.m in Sources */,
				5D1BE43D171CF7E7002C0057 /* NSObject+BeeJSON.m in Sources */,
				5D1BE43F171CF7E7002C0057 /* NSObject+BeeNotification.m in Sources */,
				5D1BE441171CF7E7002C0057 /* NSObject+BeeProperty.m in Sources */,
				5D1BE443171CF7E7002C0057 /* NSObject+BeeTicker.m in Sources */,
				5D1BE445171CF7E7002C0057 /* NSObject+BeeTypeConversion.m in Sources */,
				5D1BE447171CF7E7002C0057 /* NSString+BeeExtension.m in Sources */,
				5D1BE493171CF9CB002C0057 /* ASIAuthenticationDialog.m in Sources */,
				5D1BE495171CF9CB002C0057 /* ASIDataCompressor.m in Sources */,
				5D1BE497171CF9CB002C0057 /* ASIDataDecompressor.m in Sources */,
				5D1BE499171CF9CB002C0057 /* ASIDownloadCache.m in Sources */,
				5D1BE49B171CF9CB002C0057 /* ASIFormDataRequest.m in Sources */,
				5D1BE49D171CF9CB002C0057 /* ASIHTTPRequest.m in Sources */,
				5D1BE49F171CF9CB002C0057 /* ASIInputStream.m in Sources */,
				5D1BE4A1171CF9CB002C0057 /* ASINetworkQueue.m in Sources */,
				5D1BE4A3171CF9CB002C0057 /* FMDatabase.m in Sources */,
				5D1BE4A5171CF9CB002C0057 /* FMDatabaseAdditions.m in Sources */,
				5D1BE4A7171CF9CB002C0057 /* FMDatabasePool.m in Sources */,
				5D1BE4A9171CF9CB002C0057 /* FMDatabaseQueue.m in Sources */,
				5D1BE4AB171CF9CB002C0057 /* FMResultSet.m in Sources */,
				5D1BE4AD171CF9CB002C0057 /* JSONKit.m in Sources */,
				5D1BE4AF171CF9CB002C0057 /* Reachability.m in Sources */,
				5D1BE4B3171CF9CB002C0057 /* CXMLDocument_CreationExtensions.m in Sources */,
				5D1BE4B5171CF9CB002C0057 /* CXMLNode_CreationExtensions.m in Sources */,
				5D1BE4B7171CF9CB002C0057 /* CXHTMLDocument.m in Sources */,
				5D1BE4B9171CF9CB002C0057 /* CXMLDocument.m in Sources */,
				5D1BE4BB171CF9CB002C0057 /* CXMLDocument_PrivateExtensions.m in Sources */,
				5D1BE4BD171CF9CB002C0057 /* CXMLElement.m in Sources */,
				5D1BE4BF171CF9CB002C0057 /* CXMLElement_CreationExtensions.m in Sources */,
				5D1BE4C1171CF9CB002C0057 /* CXMLElement_ElementTreeExtensions.m in Sources */,
				5D1BE4C3171CF9CB002C0057 /* CXMLNamespaceNode.m in Sources */,
				5D1BE4C5171CF9CB002C0057 /* CXMLNode.m in Sources */,
				5D1BE4C7171CF9CB002C0057 /* CXMLNode_PrivateExtensions.m in Sources */,
				5D1BE4C9171CF9CB002C0057 /* CXMLNode_XPathExtensions.m in Sources */,
				5D1BE4CB171CF9CB002C0057 /* CTidy.m in Sources */,
			);
			runOnlyForDeploymentPostprocessing = 0;
		};
		5D1BE39D171CF6C7002C0057 /* Sources */ = {
			isa = PBXSourcesBuildPhase;
			buildActionMask = 2147483647;
			files = (
				5D1BE3B1171CF6C7002C0057 /* Bee_FoundationTests.m in Sources */,
				5D1BE424171CF7E7002C0057 /* Bee_Foundation.mm in Sources */,
				5D1BE426171CF7E7002C0057 /* Bee_Log.mm in Sources */,
				5D1BE428171CF7E7002C0057 /* Bee_Performance.mm in Sources */,
				5D1BE42A171CF7E7002C0057 /* Bee_Runtime.mm in Sources */,
				5D1BE42C171CF7E7002C0057 /* Bee_Sandbox.mm in Sources */,
				5D1BE42E171CF7E7002C0057 /* Bee_Singleton.mm in Sources */,
				5D1BE430171CF7E7002C0057 /* Bee_SystemInfo.m in Sources */,
				5D1BE432171CF7E7002C0057 /* Bee_Thread.mm in Sources */,
				5D1BE434171CF7E7002C0057 /* NSArray+BeeExtension.m in Sources */,
				5D1BE436171CF7E7002C0057 /* NSData+BeeExtension.m in Sources */,
				5D1BE438171CF7E7002C0057 /* NSDate+BeeExtension.m in Sources */,
				5D1BE43A171CF7E7002C0057 /* NSDictionary+BeeExtension.m in Sources */,
				5D1BE43C171CF7E7002C0057 /* NSNumber+BeeExtension.m in Sources */,
				5D1BE43E171CF7E7002C0057 /* NSObject+BeeJSON.m in Sources */,
				5D1BE440171CF7E7002C0057 /* NSObject+BeeNotification.m in Sources */,
				5D1BE442171CF7E7002C0057 /* NSObject+BeeProperty.m in Sources */,
				5D1BE444171CF7E7002C0057 /* NSObject+BeeTicker.m in Sources */,
				5D1BE446171CF7E7002C0057 /* NSObject+BeeTypeConversion.m in Sources */,
				5D1BE448171CF7E7002C0057 /* NSString+BeeExtension.m in Sources */,
				5D1BE494171CF9CB002C0057 /* ASIAuthenticationDialog.m in Sources */,
				5D1BE496171CF9CB002C0057 /* ASIDataCompressor.m in Sources */,
				5D1BE498171CF9CB002C0057 /* ASIDataDecompressor.m in Sources */,
				5D1BE49A171CF9CB002C0057 /* ASIDownloadCache.m in Sources */,
				5D1BE49C171CF9CB002C0057 /* ASIFormDataRequest.m in Sources */,
				5D1BE49E171CF9CB002C0057 /* ASIHTTPRequest.m in Sources */,
				5D1BE4A0171CF9CB002C0057 /* ASIInputStream.m in Sources */,
				5D1BE4A2171CF9CB002C0057 /* ASINetworkQueue.m in Sources */,
				5D1BE4A4171CF9CB002C0057 /* FMDatabase.m in Sources */,
				5D1BE4A6171CF9CB002C0057 /* FMDatabaseAdditions.m in Sources */,
				5D1BE4A8171CF9CB002C0057 /* FMDatabasePool.m in Sources */,
				5D1BE4AA171CF9CB002C0057 /* FMDatabaseQueue.m in Sources */,
				5D1BE4AC171CF9CB002C0057 /* FMResultSet.m in Sources */,
				5D1BE4AE171CF9CB002C0057 /* JSONKit.m in Sources */,
				5D1BE4B0171CF9CB002C0057 /* Reachability.m in Sources */,
				5D1BE4B4171CF9CB002C0057 /* CXMLDocument_CreationExtensions.m in Sources */,
				5D1BE4B6171CF9CB002C0057 /* CXMLNode_CreationExtensions.m in Sources */,
				5D1BE4B8171CF9CB002C0057 /* CXHTMLDocument.m in Sources */,
				5D1BE4BA171CF9CB002C0057 /* CXMLDocument.m in Sources */,
				5D1BE4BC171CF9CB002C0057 /* CXMLDocument_PrivateExtensions.m in Sources */,
				5D1BE4BE171CF9CB002C0057 /* CXMLElement.m in Sources */,
				5D1BE4C0171CF9CB002C0057 /* CXMLElement_CreationExtensions.m in Sources */,
				5D1BE4C2171CF9CB002C0057 /* CXMLElement_ElementTreeExtensions.m in Sources */,
				5D1BE4C4171CF9CB002C0057 /* CXMLNamespaceNode.m in Sources */,
				5D1BE4C6171CF9CB002C0057 /* CXMLNode.m in Sources */,
				5D1BE4C8171CF9CB002C0057 /* CXMLNode_PrivateExtensions.m in Sources */,
				5D1BE4CA171CF9CB002C0057 /* CXMLNode_XPathExtensions.m in Sources */,
				5D1BE4CC171CF9CB002C0057 /* CTidy.m in Sources */,
			);
			runOnlyForDeploymentPostprocessing = 0;
		};
/* End PBXSourcesBuildPhase section */

/* Begin PBXTargetDependency section */
		5D1BE3A8171CF6C7002C0057 /* PBXTargetDependency */ = {
			isa = PBXTargetDependency;
			target = 5D1BE381171CF6C7002C0057 /* Bee_Foundation */;
			targetProxy = 5D1BE3A7171CF6C7002C0057 /* PBXContainerItemProxy */;
		};
/* End PBXTargetDependency section */

/* Begin PBXVariantGroup section */
		5D1BE38E171CF6C7002C0057 /* InfoPlist.strings */ = {
			isa = PBXVariantGroup;
			children = (
				5D1BE38F171CF6C7002C0057 /* en */,
			);
			name = InfoPlist.strings;
			sourceTree = "<group>";
		};
		5D1BE3AC171CF6C7002C0057 /* InfoPlist.strings */ = {
			isa = PBXVariantGroup;
			children = (
				5D1BE3AD171CF6C7002C0057 /* en */,
			);
			name = InfoPlist.strings;
			sourceTree = "<group>";
		};
/* End PBXVariantGroup section */

/* Begin XCBuildConfiguration section */
		5D1BE3B2171CF6C7002C0057 /* Debug */ = {
			isa = XCBuildConfiguration;
			buildSettings = {
				ALWAYS_SEARCH_USER_PATHS = NO;
				CLANG_CXX_LANGUAGE_STANDARD = "gnu++0x";
				CLANG_CXX_LIBRARY = "libc++";
				CLANG_WARN_CONSTANT_CONVERSION = YES;
				CLANG_WARN_EMPTY_BODY = YES;
				CLANG_WARN_ENUM_CONVERSION = YES;
				CLANG_WARN_INT_CONVERSION = YES;
				CLANG_WARN__DUPLICATE_METHOD_MATCH = YES;
				"CODE_SIGN_IDENTITY[sdk=iphoneos*]" = "iPhone Developer";
				COPY_PHASE_STRIP = NO;
				GCC_C_LANGUAGE_STANDARD = gnu99;
				GCC_DYNAMIC_NO_PIC = NO;
				GCC_OPTIMIZATION_LEVEL = 0;
				GCC_PREPROCESSOR_DEFINITIONS = (
					"DEBUG=1",
					"$(inherited)",
				);
				GCC_SYMBOLS_PRIVATE_EXTERN = NO;
				GCC_WARN_ABOUT_RETURN_TYPE = YES;
				GCC_WARN_UNINITIALIZED_AUTOS = YES;
				GCC_WARN_UNUSED_VARIABLE = YES;
				HEADER_SEARCH_PATHS = "$(SDKROOT)/usr/include/libxml2";
				IPHONEOS_DEPLOYMENT_TARGET = 6.1;
				ONLY_ACTIVE_ARCH = YES;
				SDKROOT = iphoneos;
				TARGETED_DEVICE_FAMILY = "1,2";
			};
			name = Debug;
		};
		5D1BE3B3171CF6C7002C0057 /* Release */ = {
			isa = XCBuildConfiguration;
			buildSettings = {
				ALWAYS_SEARCH_USER_PATHS = NO;
				CLANG_CXX_LANGUAGE_STANDARD = "gnu++0x";
				CLANG_CXX_LIBRARY = "libc++";
				CLANG_WARN_CONSTANT_CONVERSION = YES;
				CLANG_WARN_EMPTY_BODY = YES;
				CLANG_WARN_ENUM_CONVERSION = YES;
				CLANG_WARN_INT_CONVERSION = YES;
				CLANG_WARN__DUPLICATE_METHOD_MATCH = YES;
				"CODE_SIGN_IDENTITY[sdk=iphoneos*]" = "iPhone Developer";
				COPY_PHASE_STRIP = YES;
				GCC_C_LANGUAGE_STANDARD = gnu99;
				GCC_WARN_ABOUT_RETURN_TYPE = YES;
				GCC_WARN_UNINITIALIZED_AUTOS = YES;
				GCC_WARN_UNUSED_VARIABLE = YES;
				HEADER_SEARCH_PATHS = "$(SDKROOT)/usr/include/libxml2";
				IPHONEOS_DEPLOYMENT_TARGET = 6.1;
				OTHER_CFLAGS = "-DNS_BLOCK_ASSERTIONS=1";
				SDKROOT = iphoneos;
				TARGETED_DEVICE_FAMILY = "1,2";
				VALIDATE_PRODUCT = YES;
			};
			name = Release;
		};
		5D1BE3B5171CF6C7002C0057 /* Debug */ = {
			isa = XCBuildConfiguration;
			buildSettings = {
				FRAMEWORK_SEARCH_PATHS = /usr/lib/libxml2.dylib;
				GCC_PRECOMPILE_PREFIX_HEADER = YES;
				GCC_PREFIX_HEADER = "Bee_Foundation/Bee_Foundation-Prefix.pch";
				HEADER_SEARCH_PATHS = (
					"$(SDKROOT)/usr/include/libxml2",
					"<${SDK_DIR}/usr/include/libxml2>",
				);
				INFOPLIST_FILE = "Bee_Foundation/Bee_Foundation-Info.plist";
				OTHER_LDFLAGS = "-lxml2";
				PRODUCT_NAME = "$(TARGET_NAME)";
				WRAPPER_EXTENSION = app;
			};
			name = Debug;
		};
		5D1BE3B6171CF6C7002C0057 /* Release */ = {
			isa = XCBuildConfiguration;
			buildSettings = {
				FRAMEWORK_SEARCH_PATHS = /usr/lib/libxml2.dylib;
				GCC_PRECOMPILE_PREFIX_HEADER = YES;
				GCC_PREFIX_HEADER = "Bee_Foundation/Bee_Foundation-Prefix.pch";
				HEADER_SEARCH_PATHS = (
					"$(SDKROOT)/usr/include/libxml2",
					"<${SDK_DIR}/usr/include/libxml2>",
				);
				INFOPLIST_FILE = "Bee_Foundation/Bee_Foundation-Info.plist";
				OTHER_LDFLAGS = "-lxml2";
				PRODUCT_NAME = "$(TARGET_NAME)";
				WRAPPER_EXTENSION = app;
			};
			name = Release;
		};
		5D1BE3B8171CF6C7002C0057 /* Debug */ = {
			isa = XCBuildConfiguration;
			buildSettings = {
				BUNDLE_LOADER = "$(BUILT_PRODUCTS_DIR)/Bee_Foundation.app/Bee_Foundation";
				FRAMEWORK_SEARCH_PATHS = (
					"\"$(SDKROOT)/Developer/Library/Frameworks\"",
					"\"$(DEVELOPER_LIBRARY_DIR)/Frameworks\"",
				);
				GCC_PRECOMPILE_PREFIX_HEADER = YES;
				GCC_PREFIX_HEADER = "Bee_Foundation/Bee_Foundation-Prefix.pch";
				INFOPLIST_FILE = "Bee_FoundationTests/Bee_FoundationTests-Info.plist";
				PRODUCT_NAME = "$(TARGET_NAME)";
				TEST_HOST = "$(BUNDLE_LOADER)";
				WRAPPER_EXTENSION = octest;
			};
			name = Debug;
		};
		5D1BE3B9171CF6C7002C0057 /* Release */ = {
			isa = XCBuildConfiguration;
			buildSettings = {
				BUNDLE_LOADER = "$(BUILT_PRODUCTS_DIR)/Bee_Foundation.app/Bee_Foundation";
				FRAMEWORK_SEARCH_PATHS = (
					"\"$(SDKROOT)/Developer/Library/Frameworks\"",
					"\"$(DEVELOPER_LIBRARY_DIR)/Frameworks\"",
				);
				GCC_PRECOMPILE_PREFIX_HEADER = YES;
				GCC_PREFIX_HEADER = "Bee_Foundation/Bee_Foundation-Prefix.pch";
				INFOPLIST_FILE = "Bee_FoundationTests/Bee_FoundationTests-Info.plist";
				PRODUCT_NAME = "$(TARGET_NAME)";
				TEST_HOST = "$(BUNDLE_LOADER)";
				WRAPPER_EXTENSION = octest;
			};
			name = Release;
		};
/* End XCBuildConfiguration section */

/* Begin XCConfigurationList section */
		5D1BE37D171CF6C7002C0057 /* Build configuration list for PBXProject "Bee_Foundation" */ = {
			isa = XCConfigurationList;
			buildConfigurations = (
				5D1BE3B2171CF6C7002C0057 /* Debug */,
				5D1BE3B3171CF6C7002C0057 /* Release */,
			);
			defaultConfigurationIsVisible = 0;
			defaultConfigurationName = Release;
		};
		5D1BE3B4171CF6C7002C0057 /* Build configuration list for PBXNativeTarget "Bee_Foundation" */ = {
			isa = XCConfigurationList;
			buildConfigurations = (
				5D1BE3B5171CF6C7002C0057 /* Debug */,
				5D1BE3B6171CF6C7002C0057 /* Release */,
			);
			defaultConfigurationIsVisible = 0;
			defaultConfigurationName = Release;
		};
		5D1BE3B7171CF6C7002C0057 /* Build configuration list for PBXNativeTarget "Bee_FoundationTests" */ = {
			isa = XCConfigurationList;
			buildConfigurations = (
				5D1BE3B8171CF6C7002C0057 /* Debug */,
				5D1BE3B9171CF6C7002C0057 /* Release */,
			);
			defaultConfigurationIsVisible = 0;
			defaultConfigurationName = Release;
		};
/* End XCConfigurationList section */
	};
	rootObject = 5D1BE37A171CF6C7002C0057 /* Project object */;
}
